// !$*UTF8*$!
{
	archiveVersion = 1;
	classes = {
	};
	objectVersion = 50;
	objects = {

/* Begin PBXBuildFile section */
		DA2680FE2480CC2600FF75EF /* ImageCaptureCore.framework in Frameworks */ = {isa = PBXBuildFile; fileRef = DA2680FD2480CC2600FF75EF /* ImageCaptureCore.framework */; };
		DA26810A2481BB4600FF75EF /* CoreMediaIO.framework in Frameworks */ = {isa = PBXBuildFile; fileRef = DA2681092481BB4600FF75EF /* CoreMediaIO.framework */; };
		DA26810C2481BB4D00FF75EF /* CoreMedia.framework in Frameworks */ = {isa = PBXBuildFile; fileRef = DA26810B2481BB4D00FF75EF /* CoreMedia.framework */; };
		DA26810E2481BB5900FF75EF /* CoreVideo.framework in Frameworks */ = {isa = PBXBuildFile; fileRef = DA26810D2481BB5800FF75EF /* CoreVideo.framework */; };
		DA2681172481C4E300FF75EF /* PtpWebcamPluginInterface.m in Sources */ = {isa = PBXBuildFile; fileRef = DA2681162481C4E300FF75EF /* PtpWebcamPluginInterface.m */; };
		DA26811A24821E2A00FF75EF /* PtpWebcamPlugin.m in Sources */ = {isa = PBXBuildFile; fileRef = DA26811924821E2A00FF75EF /* PtpWebcamPlugin.m */; };
		DA26811D24822FEF00FF75EF /* PtpWebcamDevice.m in Sources */ = {isa = PBXBuildFile; fileRef = DA26811C24822FEF00FF75EF /* PtpWebcamDevice.m */; };
		DA26812024884B9E00FF75EF /* PtpWebcamStream.m in Sources */ = {isa = PBXBuildFile; fileRef = DA26811F24884B9E00FF75EF /* PtpWebcamStream.m */; };
		DA26812324893DB700FF75EF /* PtpWebcamObject.m in Sources */ = {isa = PBXBuildFile; fileRef = DA26812224893DB700FF75EF /* PtpWebcamObject.m */; };
		DA268127248B5C8300FF75EF /* AVKit.framework in Frameworks */ = {isa = PBXBuildFile; fileRef = DA268126248B5C8300FF75EF /* AVKit.framework */; };
		DA2922DB247EDA5B00794577 /* PtpWebcamLaunchAgentAppDelegate.m in Sources */ = {isa = PBXBuildFile; fileRef = DA2922DA247EDA5B00794577 /* PtpWebcamLaunchAgentAppDelegate.m */; };
		DA2922DD247EDA5E00794577 /* Assets.xcassets in Resources */ = {isa = PBXBuildFile; fileRef = DA2922DC247EDA5E00794577 /* Assets.xcassets */; };
		DA2922E0247EDA5E00794577 /* MainMenu.xib in Resources */ = {isa = PBXBuildFile; fileRef = DA2922DE247EDA5E00794577 /* MainMenu.xib */; };
		DA2922E3247EDA5E00794577 /* main.m in Sources */ = {isa = PBXBuildFile; fileRef = DA2922E2247EDA5E00794577 /* main.m */; };
		DA34C56324FECA8F008D3CAD /* main.m in Sources */ = {isa = PBXBuildFile; fileRef = DA34C56224FECA8F008D3CAD /* main.m */; };
		DA34C57124FF28E7008D3CAD /* PtpWebcamAssistantDaemon.m in Sources */ = {isa = PBXBuildFile; fileRef = DA34C57024FF28E7008D3CAD /* PtpWebcamAssistantDaemon.m */; };
		DA34C57224FF2C38008D3CAD /* FoundationExtensions.m in Sources */ = {isa = PBXBuildFile; fileRef = DA8DCF9424E5A38D00AB90DE /* FoundationExtensions.m */; };
		DA34C57324FF2C3B008D3CAD /* PtpCamera.m in Sources */ = {isa = PBXBuildFile; fileRef = DAAACCD824CFDEA600E0B44C /* PtpCamera.m */; };
		DA34C57424FF2C3F008D3CAD /* PtpCameraSony.m in Sources */ = {isa = PBXBuildFile; fileRef = DA608DD824F071F100F0D9FB /* PtpCameraSony.m */; };
		DA34C57524FF2C43008D3CAD /* PtpCameraNikon.m in Sources */ = {isa = PBXBuildFile; fileRef = DAAE16BE24D1166800DE2B9F /* PtpCameraNikon.m */; };
		DA34C57624FF2C46008D3CAD /* PtpCameraCanon.m in Sources */ = {isa = PBXBuildFile; fileRef = DAAE16C424D1325600DE2B9F /* PtpCameraCanon.m */; };
		DA34C57724FF2C75008D3CAD /* PtpWebcamAlerts_noGui.m in Sources */ = {isa = PBXBuildFile; fileRef = DA45A4E724FDB55E00B14412 /* PtpWebcamAlerts_noGui.m */; };
		DA34C57824FF2D2D008D3CAD /* PtpCameraMachAssistant.m in Sources */ = {isa = PBXBuildFile; fileRef = DAAACCD524CFD2E000E0B44C /* PtpCameraMachAssistant.m */; };
		DA34C58024FF328D008D3CAD /* main.m in Sources */ = {isa = PBXBuildFile; fileRef = DA34C57F24FF328D008D3CAD /* main.m */; };
		DA34C58824FF3488008D3CAD /* org.ptpwebcam.PtpWebcamAgent.plist in Copy LaunchAgent plist */ = {isa = PBXBuildFile; fileRef = DA34C58424FF339C008D3CAD /* org.ptpwebcam.PtpWebcamAgent.plist */; };
		DA34C58924FF4544008D3CAD /* FoundationExtensions.m in Sources */ = {isa = PBXBuildFile; fileRef = DA8DCF9424E5A38D00AB90DE /* FoundationExtensions.m */; };
		DA34C58A24FF5A4B008D3CAD /* FoundationExtensions.m in Sources */ = {isa = PBXBuildFile; fileRef = DA8DCF9424E5A38D00AB90DE /* FoundationExtensions.m */; };
		DA34C59324FF5AC3008D3CAD /* PtpWebcamLaunchAgentAppDelegate.m in Sources */ = {isa = PBXBuildFile; fileRef = DA34C59224FF5AC3008D3CAD /* PtpWebcamLaunchAgentAppDelegate.m */; };
		DA34C59524FF5AC5008D3CAD /* Assets.xcassets in Resources */ = {isa = PBXBuildFile; fileRef = DA34C59424FF5AC5008D3CAD /* Assets.xcassets */; };
		DA34C59824FF5AC5008D3CAD /* MainMenu.xib in Resources */ = {isa = PBXBuildFile; fileRef = DA34C59624FF5AC5008D3CAD /* MainMenu.xib */; };
		DA34C59B24FF5AC5008D3CAD /* main.m in Sources */ = {isa = PBXBuildFile; fileRef = DA34C59A24FF5AC5008D3CAD /* main.m */; };
		DA34C5A424FF600E008D3CAD /* PtpCameraSettingsController.m in Sources */ = {isa = PBXBuildFile; fileRef = DA34C5A324FF600E008D3CAD /* PtpCameraSettingsController.m */; };
		DA34C5A524FF600E008D3CAD /* PtpCameraSettingsController.m in Sources */ = {isa = PBXBuildFile; fileRef = DA34C5A324FF600E008D3CAD /* PtpCameraSettingsController.m */; };
		DA34C5A624FF62E8008D3CAD /* FoundationExtensions.m in Sources */ = {isa = PBXBuildFile; fileRef = DA8DCF9424E5A38D00AB90DE /* FoundationExtensions.m */; };
		DA34C5A724FF62F5008D3CAD /* PtpGridTuneView.m in Sources */ = {isa = PBXBuildFile; fileRef = DA45A4E124FD8ADA00B14412 /* PtpGridTuneView.m */; };
		DA34C5A824FF62F9008D3CAD /* PtpCamera.m in Sources */ = {isa = PBXBuildFile; fileRef = DAAACCD824CFDEA600E0B44C /* PtpCamera.m */; };
		DA34C5A924FF62FC008D3CAD /* PtpCameraSony.m in Sources */ = {isa = PBXBuildFile; fileRef = DA608DD824F071F100F0D9FB /* PtpCameraSony.m */; };
		DA34C5AA24FF62FF008D3CAD /* PtpCameraNikon.m in Sources */ = {isa = PBXBuildFile; fileRef = DAAE16BE24D1166800DE2B9F /* PtpCameraNikon.m */; };
		DA34C5AB24FF6302008D3CAD /* PtpCameraCanon.m in Sources */ = {isa = PBXBuildFile; fileRef = DAAE16C424D1325600DE2B9F /* PtpCameraCanon.m */; };
		DA34C5AC24FF6306008D3CAD /* PtpWebcamAlerts.m in Sources */ = {isa = PBXBuildFile; fileRef = DAAACCAE24CD165C00E0B44C /* PtpWebcamAlerts.m */; };
		DA34C5AF250A7191008D3CAD /* PtpWebcamStreamView.m in Sources */ = {isa = PBXBuildFile; fileRef = DA34C5AE250A7190008D3CAD /* PtpWebcamStreamView.m */; };
		DA34C5B0250A7770008D3CAD /* PtpWebcamStreamView.m in Sources */ = {isa = PBXBuildFile; fileRef = DA34C5AE250A7190008D3CAD /* PtpWebcamStreamView.m */; };
		DA45A4E224FD8ADA00B14412 /* PtpGridTuneView.m in Sources */ = {isa = PBXBuildFile; fileRef = DA45A4E124FD8ADA00B14412 /* PtpGridTuneView.m */; };
		DA45A4E324FD8ADA00B14412 /* PtpGridTuneView.m in Sources */ = {isa = PBXBuildFile; fileRef = DA45A4E124FD8ADA00B14412 /* PtpGridTuneView.m */; };
		DA45A4E424FD8ADA00B14412 /* PtpGridTuneView.m in Sources */ = {isa = PBXBuildFile; fileRef = DA45A4E124FD8ADA00B14412 /* PtpGridTuneView.m */; };
		DA45A4E624FDB4C300B14412 /* PtpCamera.m in Sources */ = {isa = PBXBuildFile; fileRef = DAAACCD824CFDEA600E0B44C /* PtpCamera.m */; };
		DA45A4EA24FDB55E00B14412 /* PtpWebcamAlerts_noGui.m in Sources */ = {isa = PBXBuildFile; fileRef = DA45A4E724FDB55E00B14412 /* PtpWebcamAlerts_noGui.m */; };
		DA45A4EC24FDB5E700B14412 /* org.ptpwebcam.PtpWebcamAssistant.plist in Copy LaunchDaemon plist */ = {isa = PBXBuildFile; fileRef = DAAACCBB24CF5F3100E0B44C /* org.ptpwebcam.PtpWebcamAssistant.plist */; };
		DA47648F24BE504D00F228B4 /* LICENSE.md in Resources */ = {isa = PBXBuildFile; fileRef = DA47648E24BE504C00F228B4 /* LICENSE.md */; };
		DA608DD924F071F100F0D9FB /* PtpCameraSony.m in Sources */ = {isa = PBXBuildFile; fileRef = DA608DD824F071F100F0D9FB /* PtpCameraSony.m */; };
		DA608DDA24F0736500F0D9FB /* PtpCameraSony.m in Sources */ = {isa = PBXBuildFile; fileRef = DA608DD824F071F100F0D9FB /* PtpCameraSony.m */; };
		DA608DDB24F0736600F0D9FB /* PtpCameraSony.m in Sources */ = {isa = PBXBuildFile; fileRef = DA608DD824F071F100F0D9FB /* PtpCameraSony.m */; };
		DA8DCF9324E0FE9200AB90DE /* CAMERAS.md in Resources */ = {isa = PBXBuildFile; fileRef = DA8DCF9224E0FE9200AB90DE /* CAMERAS.md */; };
		DA8DCF9724E5A3DD00AB90DE /* FoundationExtensions.m in Sources */ = {isa = PBXBuildFile; fileRef = DA8DCF9424E5A38D00AB90DE /* FoundationExtensions.m */; };
		DAAACC7524C918C600E0B44C /* PtpWebcamAssistantService.m in Sources */ = {isa = PBXBuildFile; fileRef = DAAACC7424C918C600E0B44C /* PtpWebcamAssistantService.m */; };
		DAAACC7724C918C600E0B44C /* main.m in Sources */ = {isa = PBXBuildFile; fileRef = DAAACC7624C918C600E0B44C /* main.m */; };
		DAAACC8224C91F6F00E0B44C /* AppKit.framework in Frameworks */ = {isa = PBXBuildFile; fileRef = DAAACC8124C91F6F00E0B44C /* AppKit.framework */; };
		DAAACC9124C9FDF500E0B44C /* PtpWebcamAgentAppDelegate.m in Sources */ = {isa = PBXBuildFile; fileRef = DAAACC9024C9FDF500E0B44C /* PtpWebcamAgentAppDelegate.m */; };
		DAAACC9324C9FDF700E0B44C /* Assets.xcassets in Resources */ = {isa = PBXBuildFile; fileRef = DAAACC9224C9FDF700E0B44C /* Assets.xcassets */; };
		DAAACC9624C9FDF700E0B44C /* MainMenu.xib in Resources */ = {isa = PBXBuildFile; fileRef = DAAACC9424C9FDF700E0B44C /* MainMenu.xib */; };
		DAAACC9924C9FDF700E0B44C /* main.m in Sources */ = {isa = PBXBuildFile; fileRef = DAAACC9824C9FDF700E0B44C /* main.m */; };
		DAAACCAF24CD165C00E0B44C /* PtpWebcamAlerts.m in Sources */ = {isa = PBXBuildFile; fileRef = DAAACCAE24CD165C00E0B44C /* PtpWebcamAlerts.m */; };
		DAAACCB024CD165C00E0B44C /* PtpWebcamAlerts.m in Sources */ = {isa = PBXBuildFile; fileRef = DAAACCAE24CD165C00E0B44C /* PtpWebcamAlerts.m */; };
		DAAACCB124CD165C00E0B44C /* PtpWebcamAlerts.m in Sources */ = {isa = PBXBuildFile; fileRef = DAAACCAE24CD165C00E0B44C /* PtpWebcamAlerts.m */; };
		DAAACCB624CD402800E0B44C /* PtpWebcamXpcDevice.m in Sources */ = {isa = PBXBuildFile; fileRef = DAAACCB524CD402800E0B44C /* PtpWebcamXpcDevice.m */; };
		DAAACCB924CD40BC00E0B44C /* PtpWebcamXpcStream.m in Sources */ = {isa = PBXBuildFile; fileRef = DAAACCB824CD40BC00E0B44C /* PtpWebcamXpcStream.m */; };
		DAAACCC524CF651200E0B44C /* PtpWebcamAssistantAppDelegate.m in Sources */ = {isa = PBXBuildFile; fileRef = DAAACCC424CF651200E0B44C /* PtpWebcamAssistantAppDelegate.m */; };
		DAAACCC724CF651400E0B44C /* Assets.xcassets in Resources */ = {isa = PBXBuildFile; fileRef = DAAACCC624CF651400E0B44C /* Assets.xcassets */; };
		DAAACCCA24CF651400E0B44C /* MainMenu.xib in Resources */ = {isa = PBXBuildFile; fileRef = DAAACCC824CF651400E0B44C /* MainMenu.xib */; };
		DAAACCCD24CF651400E0B44C /* main.m in Sources */ = {isa = PBXBuildFile; fileRef = DAAACCCC24CF651400E0B44C /* main.m */; };
		DAAACCD624CFD2E000E0B44C /* PtpCameraMachAssistant.m in Sources */ = {isa = PBXBuildFile; fileRef = DAAACCD524CFD2E000E0B44C /* PtpCameraMachAssistant.m */; };
		DAAACCD924CFDEA700E0B44C /* PtpCamera.m in Sources */ = {isa = PBXBuildFile; fileRef = DAAACCD824CFDEA600E0B44C /* PtpCamera.m */; };
		DAAACCDA24D0643800E0B44C /* PtpCamera.m in Sources */ = {isa = PBXBuildFile; fileRef = DAAACCD824CFDEA600E0B44C /* PtpCamera.m */; };
		DAAACCDB24D08E2300E0B44C /* ImageCaptureCore.framework in Frameworks */ = {isa = PBXBuildFile; fileRef = DA2680FD2480CC2600FF75EF /* ImageCaptureCore.framework */; };
		DAAACCDC24D08E3800E0B44C /* ImageCaptureCore.framework in Frameworks */ = {isa = PBXBuildFile; fileRef = DA2680FD2480CC2600FF75EF /* ImageCaptureCore.framework */; };
		DAAE16BF24D1166800DE2B9F /* PtpCameraNikon.m in Sources */ = {isa = PBXBuildFile; fileRef = DAAE16BE24D1166800DE2B9F /* PtpCameraNikon.m */; };
		DAAE16C124D11C6600DE2B9F /* PtpCameraNikon.m in Sources */ = {isa = PBXBuildFile; fileRef = DAAE16BE24D1166800DE2B9F /* PtpCameraNikon.m */; };
		DAAE16C224D11C6700DE2B9F /* PtpCameraNikon.m in Sources */ = {isa = PBXBuildFile; fileRef = DAAE16BE24D1166800DE2B9F /* PtpCameraNikon.m */; };
		DAAE16C524D1325600DE2B9F /* PtpCameraCanon.m in Sources */ = {isa = PBXBuildFile; fileRef = DAAE16C424D1325600DE2B9F /* PtpCameraCanon.m */; };
		DAAE16C624D1325600DE2B9F /* PtpCameraCanon.m in Sources */ = {isa = PBXBuildFile; fileRef = DAAE16C424D1325600DE2B9F /* PtpCameraCanon.m */; };
		DAAE16C724D1325600DE2B9F /* PtpCameraCanon.m in Sources */ = {isa = PBXBuildFile; fileRef = DAAE16C424D1325600DE2B9F /* PtpCameraCanon.m */; };
		DAD0A37E248C85AB0029D4FB /* PtpWebcamDummyDevice.m in Sources */ = {isa = PBXBuildFile; fileRef = DAD0A37D248C85AB0029D4FB /* PtpWebcamDummyDevice.m */; };
		DAD0A381248C85D70029D4FB /* PtpWebcamDummyStream.m in Sources */ = {isa = PBXBuildFile; fileRef = DAD0A380248C85D70029D4FB /* PtpWebcamDummyStream.m */; };
		DAD0A384248C86090029D4FB /* PtpWebcamPtpDevice.m in Sources */ = {isa = PBXBuildFile; fileRef = DAD0A383248C86090029D4FB /* PtpWebcamPtpDevice.m */; };
		DAD0A387248C8D550029D4FB /* PtpWebcamPtpStream.m in Sources */ = {isa = PBXBuildFile; fileRef = DAD0A386248C8D550029D4FB /* PtpWebcamPtpStream.m */; };
/* End PBXBuildFile section */

/* Begin PBXContainerItemProxy section */
		DA26812D248B637100FF75EF /* PBXContainerItemProxy */ = {
			isa = PBXContainerItemProxy;
			containerPortal = DA2922CE247EDA5B00794577 /* Project object */;
			proxyType = 1;
			remoteGlobalIDString = DA2681022481BB2100FF75EF;
			remoteInfo = d800webcamplugin;
		};
		DA34C56A24FECB27008D3CAD /* PBXContainerItemProxy */ = {
			isa = PBXContainerItemProxy;
			containerPortal = DA2922CE247EDA5B00794577 /* Project object */;
			proxyType = 1;
			remoteGlobalIDString = DA34C55F24FECA8F008D3CAD;
			remoteInfo = PtpWebcamSimpleAssistant;
		};
		DA34C5A024FF5B47008D3CAD /* PBXContainerItemProxy */ = {
			isa = PBXContainerItemProxy;
			containerPortal = DA2922CE247EDA5B00794577 /* Project object */;
			proxyType = 1;
			remoteGlobalIDString = DA34C58E24FF5AC3008D3CAD;
			remoteInfo = PtpWebcamLaunchAgent;
		};
/* End PBXContainerItemProxy section */

/* Begin PBXCopyFilesBuildPhase section */
		DA34C55E24FECA8F008D3CAD /* CopyFiles */ = {
			isa = PBXCopyFilesBuildPhase;
			buildActionMask = 2147483647;
			dstPath = /usr/share/man/man1/;
			dstSubfolderSpec = 0;
			files = (
			);
			runOnlyForDeploymentPostprocessing = 1;
		};
		DA34C56D24FEEC97008D3CAD /* Copy to Resources */ = {
			isa = PBXCopyFilesBuildPhase;
			buildActionMask = 2147483647;
			dstPath = "";
			dstSubfolderSpec = 7;
			files = (
			);
			name = "Copy to Resources";
			runOnlyForDeploymentPostprocessing = 0;
		};
		DA34C57B24FF328D008D3CAD /* CopyFiles */ = {
			isa = PBXCopyFilesBuildPhase;
			buildActionMask = 2147483647;
			dstPath = /usr/share/man/man1/;
			dstSubfolderSpec = 0;
			files = (
			);
			runOnlyForDeploymentPostprocessing = 1;
		};
		DA34C58724FF346F008D3CAD /* Copy LaunchAgent plist */ = {
			isa = PBXCopyFilesBuildPhase;
			buildActionMask = 12;
			dstPath = /Library/LaunchAgents;
			dstSubfolderSpec = 0;
			files = (
				DA34C58824FF3488008D3CAD /* org.ptpwebcam.PtpWebcamAgent.plist in Copy LaunchAgent plist */,
			);
			name = "Copy LaunchAgent plist";
			runOnlyForDeploymentPostprocessing = 0;
		};
		DA45A4EB24FDB5CF00B14412 /* Copy LaunchDaemon plist */ = {
			isa = PBXCopyFilesBuildPhase;
			buildActionMask = 12;
			dstPath = /Library/LaunchDaemons;
			dstSubfolderSpec = 0;
			files = (
				DA45A4EC24FDB5E700B14412 /* org.ptpwebcam.PtpWebcamAssistant.plist in Copy LaunchDaemon plist */,
			);
			name = "Copy LaunchDaemon plist";
			runOnlyForDeploymentPostprocessing = 0;
		};
		DAAACC7F24C91E5800E0B44C /* Copy to Frameworks */ = {
			isa = PBXCopyFilesBuildPhase;
			buildActionMask = 2147483647;
			dstPath = "";
			dstSubfolderSpec = 10;
			files = (
			);
			name = "Copy to Frameworks";
			runOnlyForDeploymentPostprocessing = 0;
		};
		DAAACCA724CAAA0D00E0B44C /* Copy XPC Services */ = {
			isa = PBXCopyFilesBuildPhase;
			buildActionMask = 2147483647;
			dstPath = "$(CONTENTS_FOLDER_PATH)/XPCServices";
			dstSubfolderSpec = 16;
			files = (
			);
			name = "Copy XPC Services";
			runOnlyForDeploymentPostprocessing = 0;
		};
		DAAACCD224CF6C2E00E0B44C /* Install launch agent */ = {
			isa = PBXCopyFilesBuildPhase;
			buildActionMask = 8;
			dstPath = "$(USER_LIBRARY_DIR)/LaunchAgents";
			dstSubfolderSpec = 0;
			files = (
			);
			name = "Install launch agent";
			runOnlyForDeploymentPostprocessing = 1;
		};
/* End PBXCopyFilesBuildPhase section */

/* Begin PBXFileReference section */
		DA2680FD2480CC2600FF75EF /* ImageCaptureCore.framework */ = {isa = PBXFileReference; lastKnownFileType = wrapper.framework; name = ImageCaptureCore.framework; path = System/Library/Frameworks/ImageCaptureCore.framework; sourceTree = SDKROOT; };
		DA2681032481BB2100FF75EF /* PTPWebcamDALPlugin.plugin */ = {isa = PBXFileReference; explicitFileType = wrapper.cfbundle; includeInIndex = 0; path = PTPWebcamDALPlugin.plugin; sourceTree = BUILT_PRODUCTS_DIR; };
		DA2681052481BB2100FF75EF /* Info.plist */ = {isa = PBXFileReference; lastKnownFileType = text.plist.xml; path = Info.plist; sourceTree = "<group>"; };
		DA2681092481BB4600FF75EF /* CoreMediaIO.framework */ = {isa = PBXFileReference; lastKnownFileType = wrapper.framework; name = CoreMediaIO.framework; path = System/Library/Frameworks/CoreMediaIO.framework; sourceTree = SDKROOT; };
		DA26810B2481BB4D00FF75EF /* CoreMedia.framework */ = {isa = PBXFileReference; lastKnownFileType = wrapper.framework; name = CoreMedia.framework; path = System/Library/Frameworks/CoreMedia.framework; sourceTree = SDKROOT; };
		DA26810D2481BB5800FF75EF /* CoreVideo.framework */ = {isa = PBXFileReference; lastKnownFileType = wrapper.framework; name = CoreVideo.framework; path = System/Library/Frameworks/CoreVideo.framework; sourceTree = SDKROOT; };
		DA26810F2481BB7F00FF75EF /* libobjc.tbd */ = {isa = PBXFileReference; lastKnownFileType = "sourcecode.text-based-dylib-definition"; name = libobjc.tbd; path = usr/lib/libobjc.tbd; sourceTree = SDKROOT; };
		DA2681162481C4E300FF75EF /* PtpWebcamPluginInterface.m */ = {isa = PBXFileReference; lastKnownFileType = sourcecode.c.objc; path = PtpWebcamPluginInterface.m; sourceTree = "<group>"; };
		DA26811824821E2A00FF75EF /* PtpWebcamPlugin.h */ = {isa = PBXFileReference; lastKnownFileType = sourcecode.c.h; path = PtpWebcamPlugin.h; sourceTree = "<group>"; };
		DA26811924821E2A00FF75EF /* PtpWebcamPlugin.m */ = {isa = PBXFileReference; lastKnownFileType = sourcecode.c.objc; path = PtpWebcamPlugin.m; sourceTree = "<group>"; };
		DA26811B24822FEF00FF75EF /* PtpWebcamDevice.h */ = {isa = PBXFileReference; lastKnownFileType = sourcecode.c.h; path = PtpWebcamDevice.h; sourceTree = "<group>"; };
		DA26811C24822FEF00FF75EF /* PtpWebcamDevice.m */ = {isa = PBXFileReference; lastKnownFileType = sourcecode.c.objc; path = PtpWebcamDevice.m; sourceTree = "<group>"; };
		DA26811E24884B9E00FF75EF /* PtpWebcamStream.h */ = {isa = PBXFileReference; lastKnownFileType = sourcecode.c.h; path = PtpWebcamStream.h; sourceTree = "<group>"; };
		DA26811F24884B9E00FF75EF /* PtpWebcamStream.m */ = {isa = PBXFileReference; lastKnownFileType = sourcecode.c.objc; path = PtpWebcamStream.m; sourceTree = "<group>"; };
		DA26812124893DB700FF75EF /* PtpWebcamObject.h */ = {isa = PBXFileReference; lastKnownFileType = sourcecode.c.h; path = PtpWebcamObject.h; sourceTree = "<group>"; };
		DA26812224893DB700FF75EF /* PtpWebcamObject.m */ = {isa = PBXFileReference; lastKnownFileType = sourcecode.c.objc; path = PtpWebcamObject.m; sourceTree = "<group>"; };
		DA268124248B15D700FF75EF /* webcamplugin.exp */ = {isa = PBXFileReference; lastKnownFileType = sourcecode.exports; path = webcamplugin.exp; sourceTree = "<group>"; };
		DA268126248B5C8300FF75EF /* AVKit.framework */ = {isa = PBXFileReference; lastKnownFileType = wrapper.framework; name = AVKit.framework; path = System/Library/Frameworks/AVKit.framework; sourceTree = SDKROOT; };
		DA2922D6247EDA5B00794577 /* PTP Webcam Preview.app */ = {isa = PBXFileReference; explicitFileType = wrapper.application; includeInIndex = 0; path = "PTP Webcam Preview.app"; sourceTree = BUILT_PRODUCTS_DIR; };
		DA2922D9247EDA5B00794577 /* PtpWebcamLaunchAgentAppDelegate.h */ = {isa = PBXFileReference; lastKnownFileType = sourcecode.c.h; path = PtpWebcamLaunchAgentAppDelegate.h; sourceTree = "<group>"; };
		DA2922DA247EDA5B00794577 /* PtpWebcamLaunchAgentAppDelegate.m */ = {isa = PBXFileReference; lastKnownFileType = sourcecode.c.objc; path = PtpWebcamLaunchAgentAppDelegate.m; sourceTree = "<group>"; };
		DA2922DC247EDA5E00794577 /* Assets.xcassets */ = {isa = PBXFileReference; lastKnownFileType = folder.assetcatalog; path = Assets.xcassets; sourceTree = "<group>"; };
		DA2922DF247EDA5E00794577 /* Base */ = {isa = PBXFileReference; lastKnownFileType = file.xib; name = Base; path = Base.lproj/MainMenu.xib; sourceTree = "<group>"; };
		DA2922E1247EDA5E00794577 /* Info.plist */ = {isa = PBXFileReference; lastKnownFileType = text.plist.xml; path = Info.plist; sourceTree = "<group>"; };
		DA2922E2247EDA5E00794577 /* main.m */ = {isa = PBXFileReference; lastKnownFileType = sourcecode.c.objc; path = main.m; sourceTree = "<group>"; };
		DA2922E4247EDA5E00794577 /* PTP_Webcam.entitlements */ = {isa = PBXFileReference; lastKnownFileType = text.plist.entitlements; path = PTP_Webcam.entitlements; sourceTree = "<group>"; };
		DA34C56024FECA8F008D3CAD /* PtpWebcamSimpleAssistant */ = {isa = PBXFileReference; explicitFileType = "compiled.mach-o.executable"; includeInIndex = 0; path = PtpWebcamSimpleAssistant; sourceTree = BUILT_PRODUCTS_DIR; };
		DA34C56224FECA8F008D3CAD /* main.m */ = {isa = PBXFileReference; lastKnownFileType = sourcecode.c.objc; path = main.m; sourceTree = "<group>"; };
		DA34C56724FECAA9008D3CAD /* PtpWebcamSimpleAssistant.entitlements */ = {isa = PBXFileReference; lastKnownFileType = text.plist.entitlements; path = PtpWebcamSimpleAssistant.entitlements; sourceTree = "<group>"; };
		DA34C56F24FF28E7008D3CAD /* PtpWebcamAssistantDaemon.h */ = {isa = PBXFileReference; lastKnownFileType = sourcecode.c.h; path = PtpWebcamAssistantDaemon.h; sourceTree = "<group>"; };
		DA34C57024FF28E7008D3CAD /* PtpWebcamAssistantDaemon.m */ = {isa = PBXFileReference; lastKnownFileType = sourcecode.c.objc; path = PtpWebcamAssistantDaemon.m; sourceTree = "<group>"; };
		DA34C57D24FF328D008D3CAD /* PtpWebcamSimpleAgent */ = {isa = PBXFileReference; explicitFileType = "compiled.mach-o.executable"; includeInIndex = 0; path = PtpWebcamSimpleAgent; sourceTree = BUILT_PRODUCTS_DIR; };
		DA34C57F24FF328D008D3CAD /* main.m */ = {isa = PBXFileReference; lastKnownFileType = sourcecode.c.objc; path = main.m; sourceTree = "<group>"; };
		DA34C58424FF339C008D3CAD /* org.ptpwebcam.PtpWebcamAgent.plist */ = {isa = PBXFileReference; fileEncoding = 4; lastKnownFileType = text.plist.xml; path = org.ptpwebcam.PtpWebcamAgent.plist; sourceTree = "<group>"; };
		DA34C58F24FF5AC3008D3CAD /* PtpWebcamLaunchAgent.app */ = {isa = PBXFileReference; explicitFileType = wrapper.application; includeInIndex = 0; path = PtpWebcamLaunchAgent.app; sourceTree = BUILT_PRODUCTS_DIR; };
		DA34C59124FF5AC3008D3CAD /* PtpWebcamLaunchAgentAppDelegate.h */ = {isa = PBXFileReference; lastKnownFileType = sourcecode.c.h; path = PtpWebcamLaunchAgentAppDelegate.h; sourceTree = "<group>"; };
		DA34C59224FF5AC3008D3CAD /* PtpWebcamLaunchAgentAppDelegate.m */ = {isa = PBXFileReference; lastKnownFileType = sourcecode.c.objc; path = PtpWebcamLaunchAgentAppDelegate.m; sourceTree = "<group>"; };
		DA34C59424FF5AC5008D3CAD /* Assets.xcassets */ = {isa = PBXFileReference; lastKnownFileType = folder.assetcatalog; path = Assets.xcassets; sourceTree = "<group>"; };
		DA34C59724FF5AC5008D3CAD /* Base */ = {isa = PBXFileReference; lastKnownFileType = file.xib; name = Base; path = Base.lproj/MainMenu.xib; sourceTree = "<group>"; };
		DA34C59924FF5AC5008D3CAD /* Info.plist */ = {isa = PBXFileReference; lastKnownFileType = text.plist.xml; path = Info.plist; sourceTree = "<group>"; };
		DA34C59A24FF5AC5008D3CAD /* main.m */ = {isa = PBXFileReference; lastKnownFileType = sourcecode.c.objc; path = main.m; sourceTree = "<group>"; };
		DA34C59C24FF5AC5008D3CAD /* PtpWebcamLaunchAgent.entitlements */ = {isa = PBXFileReference; lastKnownFileType = text.plist.entitlements; path = PtpWebcamLaunchAgent.entitlements; sourceTree = "<group>"; };
		DA34C5A224FF600E008D3CAD /* PtpCameraSettingsController.h */ = {isa = PBXFileReference; lastKnownFileType = sourcecode.c.h; path = PtpCameraSettingsController.h; sourceTree = "<group>"; };
		DA34C5A324FF600E008D3CAD /* PtpCameraSettingsController.m */ = {isa = PBXFileReference; lastKnownFileType = sourcecode.c.objc; path = PtpCameraSettingsController.m; sourceTree = "<group>"; };
		DA34C5AD250A7190008D3CAD /* PtpWebcamStreamView.h */ = {isa = PBXFileReference; lastKnownFileType = sourcecode.c.h; path = PtpWebcamStreamView.h; sourceTree = "<group>"; };
		DA34C5AE250A7190008D3CAD /* PtpWebcamStreamView.m */ = {isa = PBXFileReference; lastKnownFileType = sourcecode.c.objc; path = PtpWebcamStreamView.m; sourceTree = "<group>"; };
		DA45A4E024FD8ADA00B14412 /* PtpGridTuneView.h */ = {isa = PBXFileReference; lastKnownFileType = sourcecode.c.h; path = PtpGridTuneView.h; sourceTree = "<group>"; };
		DA45A4E124FD8ADA00B14412 /* PtpGridTuneView.m */ = {isa = PBXFileReference; lastKnownFileType = sourcecode.c.objc; path = PtpGridTuneView.m; sourceTree = "<group>"; };
		DA45A4E724FDB55E00B14412 /* PtpWebcamAlerts_noGui.m */ = {isa = PBXFileReference; lastKnownFileType = sourcecode.c.objc; name = PtpWebcamAlerts_noGui.m; path = PtpWebcamAssistant/PtpWebcamAlerts_noGui.m; sourceTree = SOURCE_ROOT; };
		DA47648E24BE504C00F228B4 /* LICENSE.md */ = {isa = PBXFileReference; fileEncoding = 4; lastKnownFileType = net.daringfireball.markdown; path = LICENSE.md; sourceTree = "<group>"; };
		DA608DD724F071F100F0D9FB /* PtpCameraSony.h */ = {isa = PBXFileReference; lastKnownFileType = sourcecode.c.h; path = PtpCameraSony.h; sourceTree = "<group>"; };
		DA608DD824F071F100F0D9FB /* PtpCameraSony.m */ = {isa = PBXFileReference; lastKnownFileType = sourcecode.c.objc; path = PtpCameraSony.m; sourceTree = "<group>"; };
		DA8DCF9224E0FE9200AB90DE /* CAMERAS.md */ = {isa = PBXFileReference; fileEncoding = 4; lastKnownFileType = net.daringfireball.markdown; path = CAMERAS.md; sourceTree = "<group>"; xcLanguageSpecificationIdentifier = "<none>"; };
		DA8DCF9424E5A38D00AB90DE /* FoundationExtensions.m */ = {isa = PBXFileReference; fileEncoding = 4; lastKnownFileType = sourcecode.c.objc; path = FoundationExtensions.m; sourceTree = "<group>"; };
		DA8DCF9524E5A38E00AB90DE /* FoundationExtensions.h */ = {isa = PBXFileReference; fileEncoding = 4; lastKnownFileType = sourcecode.c.h; path = FoundationExtensions.h; sourceTree = "<group>"; };
		DAAACC7024C918C500E0B44C /* PtpWebcamAssistantService.xpc */ = {isa = PBXFileReference; explicitFileType = "wrapper.xpc-service"; includeInIndex = 0; path = PtpWebcamAssistantService.xpc; sourceTree = BUILT_PRODUCTS_DIR; };
		DAAACC7224C918C600E0B44C /* PtpWebcamAssistantServiceProtocol.h */ = {isa = PBXFileReference; lastKnownFileType = sourcecode.c.h; path = PtpWebcamAssistantServiceProtocol.h; sourceTree = "<group>"; };
		DAAACC7324C918C600E0B44C /* PtpWebcamAssistantService.h */ = {isa = PBXFileReference; lastKnownFileType = sourcecode.c.h; path = PtpWebcamAssistantService.h; sourceTree = "<group>"; };
		DAAACC7424C918C600E0B44C /* PtpWebcamAssistantService.m */ = {isa = PBXFileReference; lastKnownFileType = sourcecode.c.objc; path = PtpWebcamAssistantService.m; sourceTree = "<group>"; };
		DAAACC7624C918C600E0B44C /* main.m */ = {isa = PBXFileReference; lastKnownFileType = sourcecode.c.objc; path = main.m; sourceTree = "<group>"; };
		DAAACC7824C918C600E0B44C /* Info.plist */ = {isa = PBXFileReference; lastKnownFileType = text.plist.xml; path = Info.plist; sourceTree = "<group>"; };
		DAAACC8124C91F6F00E0B44C /* AppKit.framework */ = {isa = PBXFileReference; lastKnownFileType = wrapper.framework; name = AppKit.framework; path = System/Library/Frameworks/AppKit.framework; sourceTree = SDKROOT; };
		DAAACC8324C9E6D400E0B44C /* PtpWebcamAssistantService.entitlements */ = {isa = PBXFileReference; lastKnownFileType = text.plist.entitlements; path = PtpWebcamAssistantService.entitlements; sourceTree = "<group>"; };
		DAAACC8D24C9FDF500E0B44C /* PtpWebcamAgent.app */ = {isa = PBXFileReference; explicitFileType = wrapper.application; includeInIndex = 0; path = PtpWebcamAgent.app; sourceTree = BUILT_PRODUCTS_DIR; };
		DAAACC8F24C9FDF500E0B44C /* PtpWebcamAgentAppDelegate.h */ = {isa = PBXFileReference; lastKnownFileType = sourcecode.c.h; path = PtpWebcamAgentAppDelegate.h; sourceTree = "<group>"; };
		DAAACC9024C9FDF500E0B44C /* PtpWebcamAgentAppDelegate.m */ = {isa = PBXFileReference; lastKnownFileType = sourcecode.c.objc; path = PtpWebcamAgentAppDelegate.m; sourceTree = "<group>"; };
		DAAACC9224C9FDF700E0B44C /* Assets.xcassets */ = {isa = PBXFileReference; lastKnownFileType = folder.assetcatalog; path = Assets.xcassets; sourceTree = "<group>"; };
		DAAACC9524C9FDF700E0B44C /* Base */ = {isa = PBXFileReference; lastKnownFileType = file.xib; name = Base; path = Base.lproj/MainMenu.xib; sourceTree = "<group>"; };
		DAAACC9724C9FDF700E0B44C /* Info.plist */ = {isa = PBXFileReference; lastKnownFileType = text.plist.xml; path = Info.plist; sourceTree = "<group>"; };
		DAAACC9824C9FDF700E0B44C /* main.m */ = {isa = PBXFileReference; lastKnownFileType = sourcecode.c.objc; path = main.m; sourceTree = "<group>"; };
		DAAACC9A24C9FDF700E0B44C /* PtpWebcamAgent.entitlements */ = {isa = PBXFileReference; lastKnownFileType = text.plist.entitlements; path = PtpWebcamAgent.entitlements; sourceTree = "<group>"; };
		DAAACCAE24CD165C00E0B44C /* PtpWebcamAlerts.m */ = {isa = PBXFileReference; lastKnownFileType = sourcecode.c.objc; path = PtpWebcamAlerts.m; sourceTree = "<group>"; };
		DAAACCB224CD168500E0B44C /* PtpWebcamAlerts.h */ = {isa = PBXFileReference; lastKnownFileType = sourcecode.c.h; path = PtpWebcamAlerts.h; sourceTree = "<group>"; };
		DAAACCB324CD215500E0B44C /* PtpCameraProtocol.h */ = {isa = PBXFileReference; lastKnownFileType = sourcecode.c.h; path = PtpCameraProtocol.h; sourceTree = "<group>"; };
		DAAACCB424CD402800E0B44C /* PtpWebcamXpcDevice.h */ = {isa = PBXFileReference; lastKnownFileType = sourcecode.c.h; path = PtpWebcamXpcDevice.h; sourceTree = "<group>"; };
		DAAACCB524CD402800E0B44C /* PtpWebcamXpcDevice.m */ = {isa = PBXFileReference; lastKnownFileType = sourcecode.c.objc; path = PtpWebcamXpcDevice.m; sourceTree = "<group>"; };
		DAAACCB724CD40BC00E0B44C /* PtpWebcamXpcStream.h */ = {isa = PBXFileReference; lastKnownFileType = sourcecode.c.h; path = PtpWebcamXpcStream.h; sourceTree = "<group>"; };
		DAAACCB824CD40BC00E0B44C /* PtpWebcamXpcStream.m */ = {isa = PBXFileReference; lastKnownFileType = sourcecode.c.objc; path = PtpWebcamXpcStream.m; sourceTree = "<group>"; };
		DAAACCBA24CE9B5A00E0B44C /* PtpWebcamPtp.h */ = {isa = PBXFileReference; lastKnownFileType = sourcecode.c.h; path = PtpWebcamPtp.h; sourceTree = "<group>"; };
		DAAACCBB24CF5F3100E0B44C /* org.ptpwebcam.PtpWebcamAssistant.plist */ = {isa = PBXFileReference; lastKnownFileType = text.plist.xml; path = org.ptpwebcam.PtpWebcamAssistant.plist; sourceTree = "<group>"; };
		DAAACCC124CF651200E0B44C /* PtpWebcamAssistant.app */ = {isa = PBXFileReference; explicitFileType = wrapper.application; includeInIndex = 0; path = PtpWebcamAssistant.app; sourceTree = BUILT_PRODUCTS_DIR; };
		DAAACCC324CF651200E0B44C /* PtpWebcamAssistantAppDelegate.h */ = {isa = PBXFileReference; lastKnownFileType = sourcecode.c.h; path = PtpWebcamAssistantAppDelegate.h; sourceTree = "<group>"; };
		DAAACCC424CF651200E0B44C /* PtpWebcamAssistantAppDelegate.m */ = {isa = PBXFileReference; lastKnownFileType = sourcecode.c.objc; path = PtpWebcamAssistantAppDelegate.m; sourceTree = "<group>"; };
		DAAACCC624CF651400E0B44C /* Assets.xcassets */ = {isa = PBXFileReference; lastKnownFileType = folder.assetcatalog; path = Assets.xcassets; sourceTree = "<group>"; };
		DAAACCC924CF651400E0B44C /* Base */ = {isa = PBXFileReference; lastKnownFileType = file.xib; name = Base; path = Base.lproj/MainMenu.xib; sourceTree = "<group>"; };
		DAAACCCB24CF651400E0B44C /* Info.plist */ = {isa = PBXFileReference; lastKnownFileType = text.plist.xml; path = Info.plist; sourceTree = "<group>"; };
		DAAACCCC24CF651400E0B44C /* main.m */ = {isa = PBXFileReference; lastKnownFileType = sourcecode.c.objc; path = main.m; sourceTree = "<group>"; };
		DAAACCCE24CF651400E0B44C /* PtpWebcamAssistant.entitlements */ = {isa = PBXFileReference; lastKnownFileType = text.plist.entitlements; path = PtpWebcamAssistant.entitlements; sourceTree = "<group>"; };
		DAAACCD424CFD2E000E0B44C /* PtpCameraMachAssistant.h */ = {isa = PBXFileReference; lastKnownFileType = sourcecode.c.h; path = PtpCameraMachAssistant.h; sourceTree = "<group>"; };
		DAAACCD524CFD2E000E0B44C /* PtpCameraMachAssistant.m */ = {isa = PBXFileReference; lastKnownFileType = sourcecode.c.objc; path = PtpCameraMachAssistant.m; sourceTree = "<group>"; };
		DAAACCD724CFDE8300E0B44C /* PtpCamera.h */ = {isa = PBXFileReference; fileEncoding = 4; lastKnownFileType = sourcecode.c.h; path = PtpCamera.h; sourceTree = "<group>"; };
		DAAACCD824CFDEA600E0B44C /* PtpCamera.m */ = {isa = PBXFileReference; fileEncoding = 4; lastKnownFileType = sourcecode.c.objc; path = PtpCamera.m; sourceTree = "<group>"; };
		DAAE16BD24D1166800DE2B9F /* PtpCameraNikon.h */ = {isa = PBXFileReference; lastKnownFileType = sourcecode.c.h; path = PtpCameraNikon.h; sourceTree = "<group>"; };
		DAAE16BE24D1166800DE2B9F /* PtpCameraNikon.m */ = {isa = PBXFileReference; lastKnownFileType = sourcecode.c.objc; path = PtpCameraNikon.m; sourceTree = "<group>"; };
		DAAE16C324D1325600DE2B9F /* PtpCameraCanon.h */ = {isa = PBXFileReference; lastKnownFileType = sourcecode.c.h; path = PtpCameraCanon.h; sourceTree = "<group>"; };
		DAAE16C424D1325600DE2B9F /* PtpCameraCanon.m */ = {isa = PBXFileReference; lastKnownFileType = sourcecode.c.objc; path = PtpCameraCanon.m; sourceTree = "<group>"; };
		DAD0A37C248C85AB0029D4FB /* PtpWebcamDummyDevice.h */ = {isa = PBXFileReference; lastKnownFileType = sourcecode.c.h; path = PtpWebcamDummyDevice.h; sourceTree = "<group>"; };
		DAD0A37D248C85AB0029D4FB /* PtpWebcamDummyDevice.m */ = {isa = PBXFileReference; lastKnownFileType = sourcecode.c.objc; path = PtpWebcamDummyDevice.m; sourceTree = "<group>"; };
		DAD0A37F248C85D70029D4FB /* PtpWebcamDummyStream.h */ = {isa = PBXFileReference; lastKnownFileType = sourcecode.c.h; path = PtpWebcamDummyStream.h; sourceTree = "<group>"; };
		DAD0A380248C85D70029D4FB /* PtpWebcamDummyStream.m */ = {isa = PBXFileReference; lastKnownFileType = sourcecode.c.objc; path = PtpWebcamDummyStream.m; sourceTree = "<group>"; };
		DAD0A382248C86090029D4FB /* PtpWebcamPtpDevice.h */ = {isa = PBXFileReference; lastKnownFileType = sourcecode.c.h; path = PtpWebcamPtpDevice.h; sourceTree = "<group>"; };
		DAD0A383248C86090029D4FB /* PtpWebcamPtpDevice.m */ = {isa = PBXFileReference; lastKnownFileType = sourcecode.c.objc; path = PtpWebcamPtpDevice.m; sourceTree = "<group>"; };
		DAD0A385248C8D550029D4FB /* PtpWebcamPtpStream.h */ = {isa = PBXFileReference; lastKnownFileType = sourcecode.c.h; path = PtpWebcamPtpStream.h; sourceTree = "<group>"; };
		DAD0A386248C8D550029D4FB /* PtpWebcamPtpStream.m */ = {isa = PBXFileReference; lastKnownFileType = sourcecode.c.objc; path = PtpWebcamPtpStream.m; sourceTree = "<group>"; };
		DAF01A4224BB7FB80056F853 /* README.md */ = {isa = PBXFileReference; lastKnownFileType = net.daringfireball.markdown; path = README.md; sourceTree = "<group>"; };
		DAF3AAE724BFB2B00081F9FA /* ptpwebcam-logo-22x22.png */ = {isa = PBXFileReference; lastKnownFileType = image.png; path = "ptpwebcam-logo-22x22.png"; sourceTree = "<group>"; };
/* End PBXFileReference section */

/* Begin PBXFrameworksBuildPhase section */
		DA2681002481BB2100FF75EF /* Frameworks */ = {
			isa = PBXFrameworksBuildPhase;
			buildActionMask = 2147483647;
			files = (
				DA26810C2481BB4D00FF75EF /* CoreMedia.framework in Frameworks */,
				DA26810A2481BB4600FF75EF /* CoreMediaIO.framework in Frameworks */,
				DAAACCDB24D08E2300E0B44C /* ImageCaptureCore.framework in Frameworks */,
				DA26810E2481BB5900FF75EF /* CoreVideo.framework in Frameworks */,
			);
			runOnlyForDeploymentPostprocessing = 0;
		};
		DA2922D3247EDA5B00794577 /* Frameworks */ = {
			isa = PBXFrameworksBuildPhase;
			buildActionMask = 2147483647;
			files = (
				DA268127248B5C8300FF75EF /* AVKit.framework in Frameworks */,
				DA2680FE2480CC2600FF75EF /* ImageCaptureCore.framework in Frameworks */,
			);
			runOnlyForDeploymentPostprocessing = 0;
		};
		DA34C55D24FECA8F008D3CAD /* Frameworks */ = {
			isa = PBXFrameworksBuildPhase;
			buildActionMask = 2147483647;
			files = (
			);
			runOnlyForDeploymentPostprocessing = 0;
		};
		DA34C57A24FF328D008D3CAD /* Frameworks */ = {
			isa = PBXFrameworksBuildPhase;
			buildActionMask = 2147483647;
			files = (
			);
			runOnlyForDeploymentPostprocessing = 0;
		};
		DA34C58C24FF5AC3008D3CAD /* Frameworks */ = {
			isa = PBXFrameworksBuildPhase;
			buildActionMask = 2147483647;
			files = (
			);
			runOnlyForDeploymentPostprocessing = 0;
		};
		DAAACC6D24C918C500E0B44C /* Frameworks */ = {
			isa = PBXFrameworksBuildPhase;
			buildActionMask = 2147483647;
			files = (
				DAAACCDC24D08E3800E0B44C /* ImageCaptureCore.framework in Frameworks */,
				DAAACC8224C91F6F00E0B44C /* AppKit.framework in Frameworks */,
			);
			runOnlyForDeploymentPostprocessing = 0;
		};
		DAAACC8A24C9FDF500E0B44C /* Frameworks */ = {
			isa = PBXFrameworksBuildPhase;
			buildActionMask = 2147483647;
			files = (
			);
			runOnlyForDeploymentPostprocessing = 0;
		};
		DAAACCBE24CF651200E0B44C /* Frameworks */ = {
			isa = PBXFrameworksBuildPhase;
			buildActionMask = 2147483647;
			files = (
			);
			runOnlyForDeploymentPostprocessing = 0;
		};
/* End PBXFrameworksBuildPhase section */

/* Begin PBXGroup section */
		DA2681042481BB2100FF75EF /* PtpWebcamDalPlugin */ = {
			isa = PBXGroup;
			children = (
				DA34C58424FF339C008D3CAD /* org.ptpwebcam.PtpWebcamAgent.plist */,
				DAAACCBB24CF5F3100E0B44C /* org.ptpwebcam.PtpWebcamAssistant.plist */,
				DA8DCF9524E5A38E00AB90DE /* FoundationExtensions.h */,
				DA8DCF9424E5A38D00AB90DE /* FoundationExtensions.m */,
				DAAACCD724CFDE8300E0B44C /* PtpCamera.h */,
				DAAACCD824CFDEA600E0B44C /* PtpCamera.m */,
				DA608DD724F071F100F0D9FB /* PtpCameraSony.h */,
				DA608DD824F071F100F0D9FB /* PtpCameraSony.m */,
				DAAE16BD24D1166800DE2B9F /* PtpCameraNikon.h */,
				DAAE16BE24D1166800DE2B9F /* PtpCameraNikon.m */,
				DAAE16C324D1325600DE2B9F /* PtpCameraCanon.h */,
				DAAE16C424D1325600DE2B9F /* PtpCameraCanon.m */,
				DAF3AAE724BFB2B00081F9FA /* ptpwebcam-logo-22x22.png */,
				DA2681052481BB2100FF75EF /* Info.plist */,
				DA2681162481C4E300FF75EF /* PtpWebcamPluginInterface.m */,
				DA26811824821E2A00FF75EF /* PtpWebcamPlugin.h */,
				DA26811924821E2A00FF75EF /* PtpWebcamPlugin.m */,
				DA26811B24822FEF00FF75EF /* PtpWebcamDevice.h */,
				DA26811C24822FEF00FF75EF /* PtpWebcamDevice.m */,
				DAD0A382248C86090029D4FB /* PtpWebcamPtpDevice.h */,
				DAD0A383248C86090029D4FB /* PtpWebcamPtpDevice.m */,
				DAD0A385248C8D550029D4FB /* PtpWebcamPtpStream.h */,
				DAD0A386248C8D550029D4FB /* PtpWebcamPtpStream.m */,
				DA26811E24884B9E00FF75EF /* PtpWebcamStream.h */,
				DA26811F24884B9E00FF75EF /* PtpWebcamStream.m */,
				DA26812124893DB700FF75EF /* PtpWebcamObject.h */,
				DA26812224893DB700FF75EF /* PtpWebcamObject.m */,
				DAD0A37C248C85AB0029D4FB /* PtpWebcamDummyDevice.h */,
				DAD0A37D248C85AB0029D4FB /* PtpWebcamDummyDevice.m */,
				DAD0A37F248C85D70029D4FB /* PtpWebcamDummyStream.h */,
				DAD0A380248C85D70029D4FB /* PtpWebcamDummyStream.m */,
				DA268124248B15D700FF75EF /* webcamplugin.exp */,
				DAAACCAE24CD165C00E0B44C /* PtpWebcamAlerts.m */,
				DA45A4E724FDB55E00B14412 /* PtpWebcamAlerts_noGui.m */,
				DAAACCB224CD168500E0B44C /* PtpWebcamAlerts.h */,
				DAAACCB424CD402800E0B44C /* PtpWebcamXpcDevice.h */,
				DAAACCB524CD402800E0B44C /* PtpWebcamXpcDevice.m */,
				DAAACCB724CD40BC00E0B44C /* PtpWebcamXpcStream.h */,
				DAAACCB824CD40BC00E0B44C /* PtpWebcamXpcStream.m */,
				DAAACCBA24CE9B5A00E0B44C /* PtpWebcamPtp.h */,
				DA45A4E024FD8ADA00B14412 /* PtpGridTuneView.h */,
				DA45A4E124FD8ADA00B14412 /* PtpGridTuneView.m */,
				DA34C5A224FF600E008D3CAD /* PtpCameraSettingsController.h */,
				DA34C5A324FF600E008D3CAD /* PtpCameraSettingsController.m */,
			);
			path = PtpWebcamDalPlugin;
			sourceTree = "<group>";
		};
		DA2922CD247EDA5B00794577 = {
			isa = PBXGroup;
			children = (
				DA8DCF9224E0FE9200AB90DE /* CAMERAS.md */,
				DA47648E24BE504C00F228B4 /* LICENSE.md */,
				DAF01A4224BB7FB80056F853 /* README.md */,
				DA2922D8247EDA5B00794577 /* PTP Webcam Preview */,
				DA2681042481BB2100FF75EF /* PtpWebcamDalPlugin */,
				DAAACC7124C918C500E0B44C /* PtpWebcamAssistantService */,
				DAAACC8E24C9FDF500E0B44C /* PtpWebcamAgent */,
				DAAACCC224CF651200E0B44C /* PtpWebcamAssistant */,
				DA34C56124FECA8F008D3CAD /* PtpWebcamSimpleAssistant */,
				DA34C57E24FF328D008D3CAD /* PtpWebcamSimpleAgent */,
				DA34C59024FF5AC3008D3CAD /* PtpWebcamLaunchAgent */,
				DA2922D7247EDA5B00794577 /* Products */,
				DA292328247EF96800794577 /* Frameworks */,
			);
			sourceTree = "<group>";
		};
		DA2922D7247EDA5B00794577 /* Products */ = {
			isa = PBXGroup;
			children = (
				DA2922D6247EDA5B00794577 /* PTP Webcam Preview.app */,
				DA2681032481BB2100FF75EF /* PTPWebcamDALPlugin.plugin */,
				DAAACC7024C918C500E0B44C /* PtpWebcamAssistantService.xpc */,
				DAAACC8D24C9FDF500E0B44C /* PtpWebcamAgent.app */,
				DAAACCC124CF651200E0B44C /* PtpWebcamAssistant.app */,
				DA34C56024FECA8F008D3CAD /* PtpWebcamSimpleAssistant */,
				DA34C57D24FF328D008D3CAD /* PtpWebcamSimpleAgent */,
				DA34C58F24FF5AC3008D3CAD /* PtpWebcamLaunchAgent.app */,
			);
			name = Products;
			sourceTree = "<group>";
		};
		DA2922D8247EDA5B00794577 /* PTP Webcam Preview */ = {
			isa = PBXGroup;
			children = (
				DA2922D9247EDA5B00794577 /* PtpWebcamLaunchAgentAppDelegate.h */,
				DA2922DA247EDA5B00794577 /* PtpWebcamLaunchAgentAppDelegate.m */,
				DA2922DC247EDA5E00794577 /* Assets.xcassets */,
				DA2922DE247EDA5E00794577 /* MainMenu.xib */,
				DA2922E1247EDA5E00794577 /* Info.plist */,
				DA2922E2247EDA5E00794577 /* main.m */,
				DA2922E4247EDA5E00794577 /* PTP_Webcam.entitlements */,
			);
			path = "PTP Webcam Preview";
			sourceTree = "<group>";
		};
		DA292328247EF96800794577 /* Frameworks */ = {
			isa = PBXGroup;
			children = (
				DAAACC8124C91F6F00E0B44C /* AppKit.framework */,
				DA268126248B5C8300FF75EF /* AVKit.framework */,
				DA26810F2481BB7F00FF75EF /* libobjc.tbd */,
				DA26810D2481BB5800FF75EF /* CoreVideo.framework */,
				DA26810B2481BB4D00FF75EF /* CoreMedia.framework */,
				DA2681092481BB4600FF75EF /* CoreMediaIO.framework */,
				DA2680FD2480CC2600FF75EF /* ImageCaptureCore.framework */,
			);
			name = Frameworks;
			sourceTree = "<group>";
		};
		DA34C56124FECA8F008D3CAD /* PtpWebcamSimpleAssistant */ = {
			isa = PBXGroup;
			children = (
				DA34C56724FECAA9008D3CAD /* PtpWebcamSimpleAssistant.entitlements */,
				DA34C56224FECA8F008D3CAD /* main.m */,
				DA34C56F24FF28E7008D3CAD /* PtpWebcamAssistantDaemon.h */,
				DA34C57024FF28E7008D3CAD /* PtpWebcamAssistantDaemon.m */,
			);
			path = PtpWebcamSimpleAssistant;
			sourceTree = "<group>";
		};
		DA34C57E24FF328D008D3CAD /* PtpWebcamSimpleAgent */ = {
			isa = PBXGroup;
			children = (
				DA34C57F24FF328D008D3CAD /* main.m */,
			);
			path = PtpWebcamSimpleAgent;
			sourceTree = "<group>";
		};
		DA34C59024FF5AC3008D3CAD /* PtpWebcamLaunchAgent */ = {
			isa = PBXGroup;
			children = (
				DA34C59124FF5AC3008D3CAD /* PtpWebcamLaunchAgentAppDelegate.h */,
				DA34C59224FF5AC3008D3CAD /* PtpWebcamLaunchAgentAppDelegate.m */,
				DA34C59424FF5AC5008D3CAD /* Assets.xcassets */,
				DA34C59624FF5AC5008D3CAD /* MainMenu.xib */,
				DA34C59924FF5AC5008D3CAD /* Info.plist */,
				DA34C59A24FF5AC5008D3CAD /* main.m */,
				DA34C59C24FF5AC5008D3CAD /* PtpWebcamLaunchAgent.entitlements */,
				DA34C5AD250A7190008D3CAD /* PtpWebcamStreamView.h */,
				DA34C5AE250A7190008D3CAD /* PtpWebcamStreamView.m */,
			);
			path = PtpWebcamLaunchAgent;
			sourceTree = "<group>";
		};
		DAAACC7124C918C500E0B44C /* PtpWebcamAssistantService */ = {
			isa = PBXGroup;
			children = (
				DAAACC8324C9E6D400E0B44C /* PtpWebcamAssistantService.entitlements */,
				DAAACC7224C918C600E0B44C /* PtpWebcamAssistantServiceProtocol.h */,
				DAAACC7324C918C600E0B44C /* PtpWebcamAssistantService.h */,
				DAAACC7424C918C600E0B44C /* PtpWebcamAssistantService.m */,
				DAAACC7624C918C600E0B44C /* main.m */,
				DAAACC7824C918C600E0B44C /* Info.plist */,
				DAAACCB324CD215500E0B44C /* PtpCameraProtocol.h */,
				DAAACCD424CFD2E000E0B44C /* PtpCameraMachAssistant.h */,
				DAAACCD524CFD2E000E0B44C /* PtpCameraMachAssistant.m */,
			);
			path = PtpWebcamAssistantService;
			sourceTree = "<group>";
		};
		DAAACC8E24C9FDF500E0B44C /* PtpWebcamAgent */ = {
			isa = PBXGroup;
			children = (
				DAAACC8F24C9FDF500E0B44C /* PtpWebcamAgentAppDelegate.h */,
				DAAACC9024C9FDF500E0B44C /* PtpWebcamAgentAppDelegate.m */,
				DAAACC9224C9FDF700E0B44C /* Assets.xcassets */,
				DAAACC9424C9FDF700E0B44C /* MainMenu.xib */,
				DAAACC9724C9FDF700E0B44C /* Info.plist */,
				DAAACC9824C9FDF700E0B44C /* main.m */,
				DAAACC9A24C9FDF700E0B44C /* PtpWebcamAgent.entitlements */,
			);
			path = PtpWebcamAgent;
			sourceTree = "<group>";
		};
		DAAACCC224CF651200E0B44C /* PtpWebcamAssistant */ = {
			isa = PBXGroup;
			children = (
				DAAACCC324CF651200E0B44C /* PtpWebcamAssistantAppDelegate.h */,
				DAAACCC424CF651200E0B44C /* PtpWebcamAssistantAppDelegate.m */,
				DAAACCC624CF651400E0B44C /* Assets.xcassets */,
				DAAACCC824CF651400E0B44C /* MainMenu.xib */,
				DAAACCCB24CF651400E0B44C /* Info.plist */,
				DAAACCCC24CF651400E0B44C /* main.m */,
				DAAACCCE24CF651400E0B44C /* PtpWebcamAssistant.entitlements */,
			);
			path = PtpWebcamAssistant;
			sourceTree = "<group>";
		};
/* End PBXGroup section */

/* Begin PBXNativeTarget section */
		DA2681022481BB2100FF75EF /* PTPWebcamDALPlugin */ = {
			isa = PBXNativeTarget;
			buildConfigurationList = DA2681062481BB2100FF75EF /* Build configuration list for PBXNativeTarget "PTPWebcamDALPlugin" */;
			buildPhases = (
				DA2680FF2481BB2100FF75EF /* Sources */,
				DA2681002481BB2100FF75EF /* Frameworks */,
				DA2681012481BB2100FF75EF /* Resources */,
				DA34C56D24FEEC97008D3CAD /* Copy to Resources */,
				DAAACC7F24C91E5800E0B44C /* Copy to Frameworks */,
				DAAACCA724CAAA0D00E0B44C /* Copy XPC Services */,
				DA34C55A24FE8ACD008D3CAD /* Unload launchd */,
				DA45A4EB24FDB5CF00B14412 /* Copy LaunchDaemon plist */,
				DA34C58724FF346F008D3CAD /* Copy LaunchAgent plist */,
				DA34C55B24FE8B6B008D3CAD /* load launchd */,
			);
			buildRules = (
			);
			dependencies = (
				DA34C5A124FF5B47008D3CAD /* PBXTargetDependency */,
				DA34C56B24FECB27008D3CAD /* PBXTargetDependency */,
			);
			name = PTPWebcamDALPlugin;
			productName = d800webcamplugin;
			productReference = DA2681032481BB2100FF75EF /* PTPWebcamDALPlugin.plugin */;
			productType = "com.apple.product-type.bundle";
		};
		DA2922D5247EDA5B00794577 /* PTP Webcam Preview */ = {
			isa = PBXNativeTarget;
			buildConfigurationList = DA2922FD247EDA5E00794577 /* Build configuration list for PBXNativeTarget "PTP Webcam Preview" */;
			buildPhases = (
				DA2922D2247EDA5B00794577 /* Sources */,
				DA2922D3247EDA5B00794577 /* Frameworks */,
				DA2922D4247EDA5B00794577 /* Resources */,
			);
			buildRules = (
			);
			dependencies = (
				DA26812E248B637100FF75EF /* PBXTargetDependency */,
			);
			name = "PTP Webcam Preview";
			productName = "D800 Webcam";
			productReference = DA2922D6247EDA5B00794577 /* PTP Webcam Preview.app */;
			productType = "com.apple.product-type.application";
		};
		DA34C55F24FECA8F008D3CAD /* PtpWebcamSimpleAssistant */ = {
			isa = PBXNativeTarget;
			buildConfigurationList = DA34C56424FECA8F008D3CAD /* Build configuration list for PBXNativeTarget "PtpWebcamSimpleAssistant" */;
			buildPhases = (
				DA34C55C24FECA8F008D3CAD /* Sources */,
				DA34C55D24FECA8F008D3CAD /* Frameworks */,
				DA34C55E24FECA8F008D3CAD /* CopyFiles */,
			);
			buildRules = (
			);
			dependencies = (
			);
			name = PtpWebcamSimpleAssistant;
			productName = PtpWebcamSimpleAssistant;
			productReference = DA34C56024FECA8F008D3CAD /* PtpWebcamSimpleAssistant */;
			productType = "com.apple.product-type.tool";
		};
		DA34C57C24FF328D008D3CAD /* PtpWebcamSimpleAgent */ = {
			isa = PBXNativeTarget;
			buildConfigurationList = DA34C58124FF328D008D3CAD /* Build configuration list for PBXNativeTarget "PtpWebcamSimpleAgent" */;
			buildPhases = (
				DA34C57924FF328D008D3CAD /* Sources */,
				DA34C57A24FF328D008D3CAD /* Frameworks */,
				DA34C57B24FF328D008D3CAD /* CopyFiles */,
			);
			buildRules = (
			);
			dependencies = (
			);
			name = PtpWebcamSimpleAgent;
			productName = PtpWebcamSimpleAgent;
			productReference = DA34C57D24FF328D008D3CAD /* PtpWebcamSimpleAgent */;
			productType = "com.apple.product-type.tool";
		};
		DA34C58E24FF5AC3008D3CAD /* PtpWebcamLaunchAgent */ = {
			isa = PBXNativeTarget;
			buildConfigurationList = DA34C59D24FF5AC5008D3CAD /* Build configuration list for PBXNativeTarget "PtpWebcamLaunchAgent" */;
			buildPhases = (
				DA34C58B24FF5AC3008D3CAD /* Sources */,
				DA34C58C24FF5AC3008D3CAD /* Frameworks */,
				DA34C58D24FF5AC3008D3CAD /* Resources */,
			);
			buildRules = (
			);
			dependencies = (
			);
			name = PtpWebcamLaunchAgent;
			productName = PtpWebcamLaunchAgent;
			productReference = DA34C58F24FF5AC3008D3CAD /* PtpWebcamLaunchAgent.app */;
			productType = "com.apple.product-type.application";
		};
		DAAACC6F24C918C500E0B44C /* PtpWebcamAssistantService */ = {
			isa = PBXNativeTarget;
			buildConfigurationList = DAAACC7924C918C600E0B44C /* Build configuration list for PBXNativeTarget "PtpWebcamAssistantService" */;
			buildPhases = (
				DAAACC6C24C918C500E0B44C /* Sources */,
				DAAACC6D24C918C500E0B44C /* Frameworks */,
				DAAACC6E24C918C500E0B44C /* Resources */,
			);
			buildRules = (
			);
			dependencies = (
			);
			name = PtpWebcamAssistantService;
			productName = PtpWebcamAssistantService;
			productReference = DAAACC7024C918C500E0B44C /* PtpWebcamAssistantService.xpc */;
			productType = "com.apple.product-type.xpc-service";
		};
		DAAACC8C24C9FDF500E0B44C /* PtpWebcamAgent */ = {
			isa = PBXNativeTarget;
			buildConfigurationList = DAAACC9B24C9FDF700E0B44C /* Build configuration list for PBXNativeTarget "PtpWebcamAgent" */;
			buildPhases = (
				DAAACC8924C9FDF500E0B44C /* Sources */,
				DAAACC8A24C9FDF500E0B44C /* Frameworks */,
				DAAACC8B24C9FDF500E0B44C /* Resources */,
			);
			buildRules = (
			);
			dependencies = (
			);
			name = PtpWebcamAgent;
			productName = PtpWebcamAgent;
			productReference = DAAACC8D24C9FDF500E0B44C /* PtpWebcamAgent.app */;
			productType = "com.apple.product-type.application";
		};
		DAAACCC024CF651200E0B44C /* PtpWebcamAssistant */ = {
			isa = PBXNativeTarget;
			buildConfigurationList = DAAACCCF24CF651400E0B44C /* Build configuration list for PBXNativeTarget "PtpWebcamAssistant" */;
			buildPhases = (
				DAAACCBD24CF651200E0B44C /* Sources */,
				DAAACCBE24CF651200E0B44C /* Frameworks */,
				DAAACCBF24CF651200E0B44C /* Resources */,
				DAAACCD224CF6C2E00E0B44C /* Install launch agent */,
			);
			buildRules = (
			);
			dependencies = (
			);
			name = PtpWebcamAssistant;
			productName = PtpWebcamAssistant;
			productReference = DAAACCC124CF651200E0B44C /* PtpWebcamAssistant.app */;
			productType = "com.apple.product-type.application";
		};
/* End PBXNativeTarget section */

/* Begin PBXProject section */
		DA2922CE247EDA5B00794577 /* Project object */ = {
			isa = PBXProject;
			attributes = {
				LastUpgradeCheck = 1130;
				ORGANIZATIONNAME = InRobCo;
				TargetAttributes = {
					DA2681022481BB2100FF75EF = {
						CreatedOnToolsVersion = 11.3.1;
					};
					DA2922D5247EDA5B00794577 = {
						CreatedOnToolsVersion = 11.3.1;
					};
					DA34C55F24FECA8F008D3CAD = {
						CreatedOnToolsVersion = 11.3.1;
					};
					DA34C57C24FF328D008D3CAD = {
						CreatedOnToolsVersion = 11.3.1;
					};
					DA34C58E24FF5AC3008D3CAD = {
						CreatedOnToolsVersion = 11.3.1;
					};
					DAAACC6F24C918C500E0B44C = {
						CreatedOnToolsVersion = 11.3.1;
					};
					DAAACC8C24C9FDF500E0B44C = {
						CreatedOnToolsVersion = 11.3.1;
					};
					DAAACCC024CF651200E0B44C = {
						CreatedOnToolsVersion = 11.3.1;
					};
				};
			};
			buildConfigurationList = DA2922D1247EDA5B00794577 /* Build configuration list for PBXProject "PTP Webcam" */;
			compatibilityVersion = "Xcode 9.3";
			developmentRegion = en;
			hasScannedForEncodings = 0;
			knownRegions = (
				en,
				Base,
			);
			mainGroup = DA2922CD247EDA5B00794577;
			productRefGroup = DA2922D7247EDA5B00794577 /* Products */;
			projectDirPath = "";
			projectRoot = "";
			targets = (
				DA2922D5247EDA5B00794577 /* PTP Webcam Preview */,
				DA2681022481BB2100FF75EF /* PTPWebcamDALPlugin */,
				DAAACC6F24C918C500E0B44C /* PtpWebcamAssistantService */,
				DAAACC8C24C9FDF500E0B44C /* PtpWebcamAgent */,
				DAAACCC024CF651200E0B44C /* PtpWebcamAssistant */,
				DA34C55F24FECA8F008D3CAD /* PtpWebcamSimpleAssistant */,
				DA34C57C24FF328D008D3CAD /* PtpWebcamSimpleAgent */,
				DA34C58E24FF5AC3008D3CAD /* PtpWebcamLaunchAgent */,
			);
		};
/* End PBXProject section */

/* Begin PBXResourcesBuildPhase section */
		DA2681012481BB2100FF75EF /* Resources */ = {
			isa = PBXResourcesBuildPhase;
			buildActionMask = 2147483647;
			files = (
			);
			runOnlyForDeploymentPostprocessing = 0;
		};
		DA2922D4247EDA5B00794577 /* Resources */ = {
			isa = PBXResourcesBuildPhase;
			buildActionMask = 2147483647;
			files = (
				DA2922DD247EDA5E00794577 /* Assets.xcassets in Resources */,
				DA8DCF9324E0FE9200AB90DE /* CAMERAS.md in Resources */,
				DA47648F24BE504D00F228B4 /* LICENSE.md in Resources */,
				DA2922E0247EDA5E00794577 /* MainMenu.xib in Resources */,
			);
			runOnlyForDeploymentPostprocessing = 0;
		};
		DA34C58D24FF5AC3008D3CAD /* Resources */ = {
			isa = PBXResourcesBuildPhase;
			buildActionMask = 2147483647;
			files = (
				DA34C59524FF5AC5008D3CAD /* Assets.xcassets in Resources */,
				DA34C59824FF5AC5008D3CAD /* MainMenu.xib in Resources */,
			);
			runOnlyForDeploymentPostprocessing = 0;
		};
		DAAACC6E24C918C500E0B44C /* Resources */ = {
			isa = PBXResourcesBuildPhase;
			buildActionMask = 2147483647;
			files = (
			);
			runOnlyForDeploymentPostprocessing = 0;
		};
		DAAACC8B24C9FDF500E0B44C /* Resources */ = {
			isa = PBXResourcesBuildPhase;
			buildActionMask = 2147483647;
			files = (
				DAAACC9324C9FDF700E0B44C /* Assets.xcassets in Resources */,
				DAAACC9624C9FDF700E0B44C /* MainMenu.xib in Resources */,
			);
			runOnlyForDeploymentPostprocessing = 0;
		};
		DAAACCBF24CF651200E0B44C /* Resources */ = {
			isa = PBXResourcesBuildPhase;
			buildActionMask = 2147483647;
			files = (
				DAAACCC724CF651400E0B44C /* Assets.xcassets in Resources */,
				DAAACCCA24CF651400E0B44C /* MainMenu.xib in Resources */,
			);
			runOnlyForDeploymentPostprocessing = 0;
		};
/* End PBXResourcesBuildPhase section */

/* Begin PBXShellScriptBuildPhase section */
		DA34C55A24FE8ACD008D3CAD /* Unload launchd */ = {
			isa = PBXShellScriptBuildPhase;
			buildActionMask = 2147483647;
			files = (
			);
			inputFileListPaths = (
			);
			inputPaths = (
			);
			name = "Unload launchd";
			outputFileListPaths = (
			);
			outputPaths = (
			);
			runOnlyForDeploymentPostprocessing = 0;
			shellPath = /bin/sh;
			shellScript = "# Type a script or drag a script file from your workspace to insert its path.\nexport SUDO_ASKPASS=\"${PROJECT_DIR}/askpass.sh\"\nsudo -A launchctl unload -F /Library/LaunchDaemons/org.ptpwebcam.PtpWebcamAssistant.plist\nsudo -A launchctl remove /Library/LaunchDaemons/org.ptpwebcam.PtpWebcamAssistant.plist\nsudo -A launchctl unload -F /Library/LaunchAgents/org.ptpwebcam.PtpWebcamAgent.plist\nsudo -A launchctl remove /Library/LaunchAgents/org.ptpwebcam.PtpWebcamAgent.plist\nlaunchctl unload -F /Library/LaunchAgents/org.ptpwebcam.PtpWebcamAgent.plist\nlaunchctl remove /Library/LaunchAgents/org.ptpwebcam.PtpWebcamAgent.plist\n# sudo -A rm /Library/LaunchDaemons/org.ptpwebcam.PtpWebcamAssistant.plist\necho ok\n";
		};
		DA34C55B24FE8B6B008D3CAD /* load launchd */ = {
			isa = PBXShellScriptBuildPhase;
			buildActionMask = 2147483647;
			files = (
			);
			inputFileListPaths = (
			);
			inputPaths = (
			);
			name = "load launchd";
			outputFileListPaths = (
			);
			outputPaths = (
			);
			runOnlyForDeploymentPostprocessing = 0;
			shellPath = /bin/sh;
			shellScript = "# Type a script or drag a script file from your workspace to insert its path.\nexport SUDO_ASKPASS=\"${PROJECT_DIR}/askpass.sh\"\n# rm /Library/LaunchDaemons/org.ptpwebcam.PtpWebcamAssistant.plist\nsudo -A chown root:wheel /Library/LaunchDaemons/org.ptpwebcam.PtpWebcamAssistant.plist\nsudo -A launchctl load /Library/LaunchDaemons/org.ptpwebcam.PtpWebcamAssistant.plist\nsudo -A chown root:wheel /Library/LaunchAgents/org.ptpwebcam.PtpWebcamAgent.plist\nlaunchctl load /Library/LaunchAgents/org.ptpwebcam.PtpWebcamAgent.plist\n# make plugin owned by root, too\nsudo -A chmod -R +a \"dog allow delete_child,add_subdirectory,add_file,writeattr\" /Library/CoreMediaIO/Plug-Ins/DAL/PTPWebcamDALPlugin.plugin\nsudo -A chown -R root:wheel /Library/CoreMediaIO/Plug-Ins/DAL/PTPWebcamDALPlugin.plugin\n";
		};
/* End PBXShellScriptBuildPhase section */

/* Begin PBXSourcesBuildPhase section */
		DA2680FF2481BB2100FF75EF /* Sources */ = {
			isa = PBXSourcesBuildPhase;
			buildActionMask = 2147483647;
			files = (
				DA26812024884B9E00FF75EF /* PtpWebcamStream.m in Sources */,
				DA2681172481C4E300FF75EF /* PtpWebcamPluginInterface.m in Sources */,
				DAD0A381248C85D70029D4FB /* PtpWebcamDummyStream.m in Sources */,
				DA34C5A424FF600E008D3CAD /* PtpCameraSettingsController.m in Sources */,
				DAAACCB624CD402800E0B44C /* PtpWebcamXpcDevice.m in Sources */,
				DA26811D24822FEF00FF75EF /* PtpWebcamDevice.m in Sources */,
				DA34C5B0250A7770008D3CAD /* PtpWebcamStreamView.m in Sources */,
				DAAACCDA24D0643800E0B44C /* PtpCamera.m in Sources */,
				DA26811A24821E2A00FF75EF /* PtpWebcamPlugin.m in Sources */,
				DAAE16C524D1325600DE2B9F /* PtpCameraCanon.m in Sources */,
				DA8DCF9724E5A3DD00AB90DE /* FoundationExtensions.m in Sources */,
				DA45A4E224FD8ADA00B14412 /* PtpGridTuneView.m in Sources */,
				DAD0A387248C8D550029D4FB /* PtpWebcamPtpStream.m in Sources */,
				DAD0A37E248C85AB0029D4FB /* PtpWebcamDummyDevice.m in Sources */,
				DAD0A384248C86090029D4FB /* PtpWebcamPtpDevice.m in Sources */,
				DAAACCB924CD40BC00E0B44C /* PtpWebcamXpcStream.m in Sources */,
				DAAE16BF24D1166800DE2B9F /* PtpCameraNikon.m in Sources */,
				DAAACCAF24CD165C00E0B44C /* PtpWebcamAlerts.m in Sources */,
				DA608DD924F071F100F0D9FB /* PtpCameraSony.m in Sources */,
				DA26812324893DB700FF75EF /* PtpWebcamObject.m in Sources */,
			);
			runOnlyForDeploymentPostprocessing = 0;
		};
		DA2922D2247EDA5B00794577 /* Sources */ = {
			isa = PBXSourcesBuildPhase;
			buildActionMask = 2147483647;
			files = (
				DA2922E3247EDA5E00794577 /* main.m in Sources */,
				DA2922DB247EDA5B00794577 /* PtpWebcamLaunchAgentAppDelegate.m in Sources */,
			);
			runOnlyForDeploymentPostprocessing = 0;
		};
		DA34C55C24FECA8F008D3CAD /* Sources */ = {
			isa = PBXSourcesBuildPhase;
			buildActionMask = 2147483647;
			files = (
				DA34C57124FF28E7008D3CAD /* PtpWebcamAssistantDaemon.m in Sources */,
				DA34C56324FECA8F008D3CAD /* main.m in Sources */,
				DA34C57224FF2C38008D3CAD /* FoundationExtensions.m in Sources */,
				DA34C57324FF2C3B008D3CAD /* PtpCamera.m in Sources */,
				DA34C57624FF2C46008D3CAD /* PtpCameraCanon.m in Sources */,
				DA34C57524FF2C43008D3CAD /* PtpCameraNikon.m in Sources */,
				DA34C57424FF2C3F008D3CAD /* PtpCameraSony.m in Sources */,
				DA34C57724FF2C75008D3CAD /* PtpWebcamAlerts_noGui.m in Sources */,
				DA34C57824FF2D2D008D3CAD /* PtpCameraMachAssistant.m in Sources */,
			);
			runOnlyForDeploymentPostprocessing = 0;
		};
		DA34C57924FF328D008D3CAD /* Sources */ = {
			isa = PBXSourcesBuildPhase;
			buildActionMask = 2147483647;
			files = (
				DA34C58024FF328D008D3CAD /* main.m in Sources */,
				DA34C58924FF4544008D3CAD /* FoundationExtensions.m in Sources */,
			);
			runOnlyForDeploymentPostprocessing = 0;
		};
		DA34C58B24FF5AC3008D3CAD /* Sources */ = {
			isa = PBXSourcesBuildPhase;
			buildActionMask = 2147483647;
			files = (
				DA34C5A524FF600E008D3CAD /* PtpCameraSettingsController.m in Sources */,
				DA34C59B24FF5AC5008D3CAD /* main.m in Sources */,
				DA34C59324FF5AC3008D3CAD /* PtpWebcamLaunchAgentAppDelegate.m in Sources */,
				DA34C5A624FF62E8008D3CAD /* FoundationExtensions.m in Sources */,
				DA34C5A724FF62F5008D3CAD /* PtpGridTuneView.m in Sources */,
				DA34C5A824FF62F9008D3CAD /* PtpCamera.m in Sources */,
				DA34C5A924FF62FC008D3CAD /* PtpCameraSony.m in Sources */,
				DA34C5AA24FF62FF008D3CAD /* PtpCameraNikon.m in Sources */,
				DA34C5AF250A7191008D3CAD /* PtpWebcamStreamView.m in Sources */,
				DA34C5AB24FF6302008D3CAD /* PtpCameraCanon.m in Sources */,
				DA34C5AC24FF6306008D3CAD /* PtpWebcamAlerts.m in Sources */,
			);
			runOnlyForDeploymentPostprocessing = 0;
		};
		DAAACC6C24C918C500E0B44C /* Sources */ = {
			isa = PBXSourcesBuildPhase;
			buildActionMask = 2147483647;
			files = (
				DA45A4E324FD8ADA00B14412 /* PtpGridTuneView.m in Sources */,
				DA608DDB24F0736600F0D9FB /* PtpCameraSony.m in Sources */,
				DAAE16C624D1325600DE2B9F /* PtpCameraCanon.m in Sources */,
				DAAACC7724C918C600E0B44C /* main.m in Sources */,
				DAAE16C124D11C6600DE2B9F /* PtpCameraNikon.m in Sources */,
				DAAACC7524C918C600E0B44C /* PtpWebcamAssistantService.m in Sources */,
				DAAACCB024CD165C00E0B44C /* PtpWebcamAlerts.m in Sources */,
				DAAACCD624CFD2E000E0B44C /* PtpCameraMachAssistant.m in Sources */,
				DAAACCD924CFDEA700E0B44C /* PtpCamera.m in Sources */,
			);
			runOnlyForDeploymentPostprocessing = 0;
		};
		DAAACC8924C9FDF500E0B44C /* Sources */ = {
			isa = PBXSourcesBuildPhase;
			buildActionMask = 2147483647;
			files = (
				DAAACC9924C9FDF700E0B44C /* main.m in Sources */,
				DAAACC9124C9FDF500E0B44C /* PtpWebcamAgentAppDelegate.m in Sources */,
				DAAACCB124CD165C00E0B44C /* PtpWebcamAlerts.m in Sources */,
				DA34C58A24FF5A4B008D3CAD /* FoundationExtensions.m in Sources */,
			);
			runOnlyForDeploymentPostprocessing = 0;
		};
		DAAACCBD24CF651200E0B44C /* Sources */ = {
			isa = PBXSourcesBuildPhase;
			buildActionMask = 2147483647;
			files = (
				DA45A4E624FDB4C300B14412 /* PtpCamera.m in Sources */,
				DA45A4EA24FDB55E00B14412 /* PtpWebcamAlerts_noGui.m in Sources */,
				DAAACCCD24CF651400E0B44C /* main.m in Sources */,
				DAAE16C224D11C6700DE2B9F /* PtpCameraNikon.m in Sources */,
				DAAACCC524CF651200E0B44C /* PtpWebcamAssistantAppDelegate.m in Sources */,
				DA45A4E424FD8ADA00B14412 /* PtpGridTuneView.m in Sources */,
				DA608DDA24F0736500F0D9FB /* PtpCameraSony.m in Sources */,
				DAAE16C724D1325600DE2B9F /* PtpCameraCanon.m in Sources */,
			);
			runOnlyForDeploymentPostprocessing = 0;
		};
/* End PBXSourcesBuildPhase section */

/* Begin PBXTargetDependency section */
		DA26812E248B637100FF75EF /* PBXTargetDependency */ = {
			isa = PBXTargetDependency;
			target = DA2681022481BB2100FF75EF /* PTPWebcamDALPlugin */;
			targetProxy = DA26812D248B637100FF75EF /* PBXContainerItemProxy */;
		};
		DA34C56B24FECB27008D3CAD /* PBXTargetDependency */ = {
			isa = PBXTargetDependency;
			target = DA34C55F24FECA8F008D3CAD /* PtpWebcamSimpleAssistant */;
			targetProxy = DA34C56A24FECB27008D3CAD /* PBXContainerItemProxy */;
		};
		DA34C5A124FF5B47008D3CAD /* PBXTargetDependency */ = {
			isa = PBXTargetDependency;
			target = DA34C58E24FF5AC3008D3CAD /* PtpWebcamLaunchAgent */;
			targetProxy = DA34C5A024FF5B47008D3CAD /* PBXContainerItemProxy */;
		};
/* End PBXTargetDependency section */

/* Begin PBXVariantGroup section */
		DA2922DE247EDA5E00794577 /* MainMenu.xib */ = {
			isa = PBXVariantGroup;
			children = (
				DA2922DF247EDA5E00794577 /* Base */,
			);
			name = MainMenu.xib;
			sourceTree = "<group>";
		};
		DA34C59624FF5AC5008D3CAD /* MainMenu.xib */ = {
			isa = PBXVariantGroup;
			children = (
				DA34C59724FF5AC5008D3CAD /* Base */,
			);
			name = MainMenu.xib;
			sourceTree = "<group>";
		};
		DAAACC9424C9FDF700E0B44C /* MainMenu.xib */ = {
			isa = PBXVariantGroup;
			children = (
				DAAACC9524C9FDF700E0B44C /* Base */,
			);
			name = MainMenu.xib;
			sourceTree = "<group>";
		};
		DAAACCC824CF651400E0B44C /* MainMenu.xib */ = {
			isa = PBXVariantGroup;
			children = (
				DAAACCC924CF651400E0B44C /* Base */,
			);
			name = MainMenu.xib;
			sourceTree = "<group>";
		};
/* End PBXVariantGroup section */

/* Begin XCBuildConfiguration section */
		DA2681072481BB2100FF75EF /* Debug */ = {
			isa = XCBuildConfiguration;
			buildSettings = {
				CODE_SIGN_IDENTITY = "Apple Development";
				CODE_SIGN_STYLE = Automatic;
				COMBINE_HIDPI_IMAGES = YES;
				CURRENT_PROJECT_VERSION = 29;
				DEPLOYMENT_LOCATION = YES;
				DEVELOPMENT_TEAM = ZYF8X9Z6M2;
				DSTROOT = /;
				EXPORTED_SYMBOLS_FILE = PtpWebcamDalPlugin/webcamplugin.exp;
				GCC_PREPROCESSOR_DEFINITIONS = (
					"XPC_ASSISTANT_ENABLED=1",
					"$(inherited)",
				);
				INFOPLIST_FILE = PtpWebcamDalPlugin/Info.plist;
				INSTALL_PATH = "/Library/CoreMediaIO/Plug-ins/DAL";
				MACOSX_DEPLOYMENT_TARGET = 10.12;
				MARKETING_VERSION = 1.2.5;
				OTHER_CODE_SIGN_FLAGS = "--options=runtime";
				PRODUCT_BUNDLE_IDENTIFIER = org.ptpwebcam.ptpwebcamdalplugin;
				PRODUCT_NAME = "$(TARGET_NAME)";
				PROVISIONING_PROFILE_SPECIFIER = "";
				SKIP_INSTALL = NO;
				WRAPPER_EXTENSION = plugin;
			};
			name = Debug;
		};
		DA2681082481BB2100FF75EF /* Release */ = {
			isa = XCBuildConfiguration;
			buildSettings = {
				CODE_SIGN_IDENTITY = "Apple Development";
				CODE_SIGN_STYLE = Automatic;
				COMBINE_HIDPI_IMAGES = YES;
				CURRENT_PROJECT_VERSION = 29;
				DEPLOYMENT_LOCATION = YES;
				DEVELOPMENT_TEAM = ZYF8X9Z6M2;
				DSTROOT = /;
				EXPORTED_SYMBOLS_FILE = PtpWebcamDalPlugin/webcamplugin.exp;
				GCC_PREPROCESSOR_DEFINITIONS = (
					"XPC_ASSISTANT_ENABLED=1",
					"$(inherited)",
				);
				INFOPLIST_FILE = PtpWebcamDalPlugin/Info.plist;
				INSTALL_PATH = "/Library/CoreMediaIO/Plug-ins/DAL";
				MACOSX_DEPLOYMENT_TARGET = 10.12;
				MARKETING_VERSION = 1.2.5;
				OTHER_CODE_SIGN_FLAGS = "--options=runtime";
				PRODUCT_BUNDLE_IDENTIFIER = org.ptpwebcam.ptpwebcamdalplugin;
				PRODUCT_NAME = "$(TARGET_NAME)";
				PROVISIONING_PROFILE_SPECIFIER = "";
				SKIP_INSTALL = NO;
				WRAPPER_EXTENSION = plugin;
			};
			name = Release;
		};
		DA2922FB247EDA5E00794577 /* Debug */ = {
			isa = XCBuildConfiguration;
			buildSettings = {
				ALWAYS_SEARCH_USER_PATHS = NO;
				CLANG_ANALYZER_NONNULL = YES;
				CLANG_ANALYZER_NUMBER_OBJECT_CONVERSION = YES_AGGRESSIVE;
				CLANG_CXX_LANGUAGE_STANDARD = "gnu++14";
				CLANG_CXX_LIBRARY = "libc++";
				CLANG_ENABLE_MODULES = YES;
				CLANG_ENABLE_OBJC_ARC = YES;
				CLANG_ENABLE_OBJC_WEAK = YES;
				CLANG_WARN_BLOCK_CAPTURE_AUTORELEASING = YES;
				CLANG_WARN_BOOL_CONVERSION = YES;
				CLANG_WARN_COMMA = YES;
				CLANG_WARN_CONSTANT_CONVERSION = YES;
				CLANG_WARN_DEPRECATED_OBJC_IMPLEMENTATIONS = YES;
				CLANG_WARN_DIRECT_OBJC_ISA_USAGE = YES_ERROR;
				CLANG_WARN_DOCUMENTATION_COMMENTS = YES;
				CLANG_WARN_EMPTY_BODY = YES;
				CLANG_WARN_ENUM_CONVERSION = YES;
				CLANG_WARN_INFINITE_RECURSION = YES;
				CLANG_WARN_INT_CONVERSION = YES;
				CLANG_WARN_NON_LITERAL_NULL_CONVERSION = YES;
				CLANG_WARN_OBJC_IMPLICIT_RETAIN_SELF = YES;
				CLANG_WARN_OBJC_LITERAL_CONVERSION = YES;
				CLANG_WARN_OBJC_ROOT_CLASS = YES_ERROR;
				CLANG_WARN_RANGE_LOOP_ANALYSIS = YES;
				CLANG_WARN_STRICT_PROTOTYPES = YES;
				CLANG_WARN_SUSPICIOUS_MOVE = YES;
				CLANG_WARN_UNGUARDED_AVAILABILITY = YES_AGGRESSIVE;
				CLANG_WARN_UNREACHABLE_CODE = YES;
				CLANG_WARN__DUPLICATE_METHOD_MATCH = YES;
				COPY_PHASE_STRIP = NO;
				DEBUG_INFORMATION_FORMAT = dwarf;
				ENABLE_STRICT_OBJC_MSGSEND = YES;
				ENABLE_TESTABILITY = YES;
				GCC_C_LANGUAGE_STANDARD = gnu11;
				GCC_DYNAMIC_NO_PIC = NO;
				GCC_NO_COMMON_BLOCKS = YES;
				GCC_OPTIMIZATION_LEVEL = 0;
				GCC_PREPROCESSOR_DEFINITIONS = (
					"DEBUG=1",
					"$(inherited)",
				);
				GCC_WARN_64_TO_32_BIT_CONVERSION = YES;
				GCC_WARN_ABOUT_RETURN_TYPE = YES_ERROR;
				GCC_WARN_UNDECLARED_SELECTOR = YES;
				GCC_WARN_UNINITIALIZED_AUTOS = YES_AGGRESSIVE;
				GCC_WARN_UNUSED_FUNCTION = YES;
				GCC_WARN_UNUSED_VARIABLE = YES;
				MACOSX_DEPLOYMENT_TARGET = 10.12;
				MTL_ENABLE_DEBUG_INFO = INCLUDE_SOURCE;
				MTL_FAST_MATH = YES;
				ONLY_ACTIVE_ARCH = YES;
				SDKROOT = macosx;
				SKIP_INSTALL = YES;
			};
			name = Debug;
		};
		DA2922FC247EDA5E00794577 /* Release */ = {
			isa = XCBuildConfiguration;
			buildSettings = {
				ALWAYS_SEARCH_USER_PATHS = NO;
				CLANG_ANALYZER_NONNULL = YES;
				CLANG_ANALYZER_NUMBER_OBJECT_CONVERSION = YES_AGGRESSIVE;
				CLANG_CXX_LANGUAGE_STANDARD = "gnu++14";
				CLANG_CXX_LIBRARY = "libc++";
				CLANG_ENABLE_MODULES = YES;
				CLANG_ENABLE_OBJC_ARC = YES;
				CLANG_ENABLE_OBJC_WEAK = YES;
				CLANG_WARN_BLOCK_CAPTURE_AUTORELEASING = YES;
				CLANG_WARN_BOOL_CONVERSION = YES;
				CLANG_WARN_COMMA = YES;
				CLANG_WARN_CONSTANT_CONVERSION = YES;
				CLANG_WARN_DEPRECATED_OBJC_IMPLEMENTATIONS = YES;
				CLANG_WARN_DIRECT_OBJC_ISA_USAGE = YES_ERROR;
				CLANG_WARN_DOCUMENTATION_COMMENTS = YES;
				CLANG_WARN_EMPTY_BODY = YES;
				CLANG_WARN_ENUM_CONVERSION = YES;
				CLANG_WARN_INFINITE_RECURSION = YES;
				CLANG_WARN_INT_CONVERSION = YES;
				CLANG_WARN_NON_LITERAL_NULL_CONVERSION = YES;
				CLANG_WARN_OBJC_IMPLICIT_RETAIN_SELF = YES;
				CLANG_WARN_OBJC_LITERAL_CONVERSION = YES;
				CLANG_WARN_OBJC_ROOT_CLASS = YES_ERROR;
				CLANG_WARN_RANGE_LOOP_ANALYSIS = YES;
				CLANG_WARN_STRICT_PROTOTYPES = YES;
				CLANG_WARN_SUSPICIOUS_MOVE = YES;
				CLANG_WARN_UNGUARDED_AVAILABILITY = YES_AGGRESSIVE;
				CLANG_WARN_UNREACHABLE_CODE = YES;
				CLANG_WARN__DUPLICATE_METHOD_MATCH = YES;
				COPY_PHASE_STRIP = NO;
				DEBUG_INFORMATION_FORMAT = "dwarf-with-dsym";
				ENABLE_NS_ASSERTIONS = NO;
				ENABLE_STRICT_OBJC_MSGSEND = YES;
				GCC_C_LANGUAGE_STANDARD = gnu11;
				GCC_NO_COMMON_BLOCKS = YES;
				GCC_WARN_64_TO_32_BIT_CONVERSION = YES;
				GCC_WARN_ABOUT_RETURN_TYPE = YES_ERROR;
				GCC_WARN_UNDECLARED_SELECTOR = YES;
				GCC_WARN_UNINITIALIZED_AUTOS = YES_AGGRESSIVE;
				GCC_WARN_UNUSED_FUNCTION = YES;
				GCC_WARN_UNUSED_VARIABLE = YES;
				MACOSX_DEPLOYMENT_TARGET = 10.12;
				MTL_ENABLE_DEBUG_INFO = NO;
				MTL_FAST_MATH = YES;
				SDKROOT = macosx;
				SKIP_INSTALL = YES;
			};
			name = Release;
		};
		DA2922FE247EDA5E00794577 /* Debug */ = {
			isa = XCBuildConfiguration;
			buildSettings = {
				ASSETCATALOG_COMPILER_APPICON_NAME = AppIcon;
				CODE_SIGN_ENTITLEMENTS = "PTP Webcam Preview/PTP_Webcam.entitlements";
				CODE_SIGN_IDENTITY = "Apple Development";
				CODE_SIGN_STYLE = Automatic;
				COMBINE_HIDPI_IMAGES = YES;
				CURRENT_PROJECT_VERSION = 29;
				DEVELOPMENT_TEAM = ZYF8X9Z6M2;
				ENABLE_HARDENED_RUNTIME = NO;
				FRAMEWORK_SEARCH_PATHS = (
					"$(inherited)",
					"$(PROJECT_DIR)",
				);
				INFOPLIST_FILE = "PTP Webcam Preview/Info.plist";
				LD_RUNPATH_SEARCH_PATHS = (
					"$(inherited)",
					"@executable_path/../Frameworks",
				);
				LIBRARY_SEARCH_PATHS = (
					"$(inherited)",
					"$(PROJECT_DIR)",
				);
				MACOSX_DEPLOYMENT_TARGET = 10.12;
				MARKETING_VERSION = 1.2.5;
				PRODUCT_BUNDLE_IDENTIFIER = org.ptpwebcam.PtpWebcamPreview;
				PRODUCT_NAME = "$(TARGET_NAME)";
				PROVISIONING_PROFILE_SPECIFIER = "";
				SKIP_INSTALL = NO;
				VALID_ARCHS = x86_64;
			};
			name = Debug;
		};
		DA2922FF247EDA5E00794577 /* Release */ = {
			isa = XCBuildConfiguration;
			buildSettings = {
				ASSETCATALOG_COMPILER_APPICON_NAME = AppIcon;
				CODE_SIGN_ENTITLEMENTS = "PTP Webcam Preview/PTP_Webcam.entitlements";
				CODE_SIGN_IDENTITY = "Apple Development";
				CODE_SIGN_STYLE = Automatic;
				COMBINE_HIDPI_IMAGES = YES;
				CURRENT_PROJECT_VERSION = 29;
				DEVELOPMENT_TEAM = ZYF8X9Z6M2;
				ENABLE_HARDENED_RUNTIME = NO;
				FRAMEWORK_SEARCH_PATHS = (
					"$(inherited)",
					"$(PROJECT_DIR)",
				);
				INFOPLIST_FILE = "PTP Webcam Preview/Info.plist";
				LD_RUNPATH_SEARCH_PATHS = (
					"$(inherited)",
					"@executable_path/../Frameworks",
				);
				LIBRARY_SEARCH_PATHS = (
					"$(inherited)",
					"$(PROJECT_DIR)",
				);
				MACOSX_DEPLOYMENT_TARGET = 10.12;
				MARKETING_VERSION = 1.2.5;
				PRODUCT_BUNDLE_IDENTIFIER = org.ptpwebcam.PtpWebcamPreview;
				PRODUCT_NAME = "$(TARGET_NAME)";
				PROVISIONING_PROFILE_SPECIFIER = "";
				SKIP_INSTALL = NO;
				VALID_ARCHS = x86_64;
			};
			name = Release;
		};
		DA34C56524FECA8F008D3CAD /* Debug */ = {
			isa = XCBuildConfiguration;
			buildSettings = {
				CODE_SIGN_ENTITLEMENTS = PtpWebcamSimpleAssistant/PtpWebcamSimpleAssistant.entitlements;
				CODE_SIGN_STYLE = Manual;
				DEPLOYMENT_LOCATION = YES;
				DEVELOPMENT_TEAM = "";
				DSTROOT = /;
				ENABLE_HARDENED_RUNTIME = NO;
				INSTALL_PATH = "/Library/CoreMediaIO/Plug-Ins/DAL/PTPWebcamDALPlugin.plugin/Contents/Resources";
				MACOSX_DEPLOYMENT_TARGET = 10.12;
				PRODUCT_BUNDLE_IDENTIFIER = "";
				PRODUCT_NAME = "$(TARGET_NAME)";
				PROVISIONING_PROFILE_SPECIFIER = "";
				SKIP_INSTALL = NO;
			};
			name = Debug;
		};
		DA34C56624FECA8F008D3CAD /* Release */ = {
			isa = XCBuildConfiguration;
			buildSettings = {
				CODE_SIGN_ENTITLEMENTS = PtpWebcamSimpleAssistant/PtpWebcamSimpleAssistant.entitlements;
				CODE_SIGN_STYLE = Manual;
				DEPLOYMENT_LOCATION = YES;
				DEVELOPMENT_TEAM = "";
				DSTROOT = /;
				ENABLE_HARDENED_RUNTIME = NO;
				INSTALL_PATH = "/Library/CoreMediaIO/Plug-Ins/DAL/PTPWebcamDALPlugin.plugin/Contents/Resources";
				MACOSX_DEPLOYMENT_TARGET = 10.12;
				PRODUCT_BUNDLE_IDENTIFIER = "";
				PRODUCT_NAME = "$(TARGET_NAME)";
				PROVISIONING_PROFILE_SPECIFIER = "";
				SKIP_INSTALL = NO;
			};
			name = Release;
		};
		DA34C58224FF328D008D3CAD /* Debug */ = {
			isa = XCBuildConfiguration;
			buildSettings = {
				CODE_SIGN_STYLE = Automatic;
				DEPLOYMENT_LOCATION = YES;
				DEVELOPMENT_TEAM = ZYF8X9Z6M2;
				DSTROOT = /;
				ENABLE_HARDENED_RUNTIME = YES;
				INSTALL_PATH = "/Library/CoreMediaIO/Plug-Ins/DAL/PTPWebcamDALPlugin.plugin/Contents/Resources";
				MACOSX_DEPLOYMENT_TARGET = 10.12;
				PRODUCT_NAME = "$(TARGET_NAME)";
				SKIP_INSTALL = NO;
			};
			name = Debug;
		};
		DA34C58324FF328D008D3CAD /* Release */ = {
			isa = XCBuildConfiguration;
			buildSettings = {
				CODE_SIGN_STYLE = Automatic;
				DEPLOYMENT_LOCATION = YES;
				DEVELOPMENT_TEAM = ZYF8X9Z6M2;
				DSTROOT = /;
				ENABLE_HARDENED_RUNTIME = YES;
				INSTALL_PATH = "/Library/CoreMediaIO/Plug-Ins/DAL/PTPWebcamDALPlugin.plugin/Contents/Resources";
				MACOSX_DEPLOYMENT_TARGET = 10.12;
				PRODUCT_NAME = "$(TARGET_NAME)";
				SKIP_INSTALL = NO;
			};
			name = Release;
		};
		DA34C59E24FF5AC5008D3CAD /* Debug */ = {
			isa = XCBuildConfiguration;
			buildSettings = {
				ASSETCATALOG_COMPILER_APPICON_NAME = AppIcon;
				CODE_SIGN_ENTITLEMENTS = PtpWebcamLaunchAgent/PtpWebcamLaunchAgent.entitlements;
				CODE_SIGN_STYLE = Automatic;
				COMBINE_HIDPI_IMAGES = YES;
				CURRENT_PROJECT_VERSION = 29;
				DEPLOYMENT_LOCATION = YES;
				DEVELOPMENT_TEAM = ZYF8X9Z6M2;
				DSTROOT = /;
				ENABLE_HARDENED_RUNTIME = YES;
				INFOPLIST_FILE = PtpWebcamLaunchAgent/Info.plist;
				INSTALL_PATH = "/Library/CoreMediaIO/Plug-Ins/DAL/PTPWebcamDALPlugin.plugin/Contents/Frameworks";
				LD_RUNPATH_SEARCH_PATHS = (
					"$(inherited)",
					"@executable_path/../Frameworks",
				);
				MACOSX_DEPLOYMENT_TARGET = 10.12;
				MARKETING_VERSION = 1.2.5;
				PRODUCT_BUNDLE_IDENTIFIER = org.ptpwebcam.PtpWebcamAgent;
				PRODUCT_NAME = "$(TARGET_NAME)";
				SKIP_INSTALL = NO;
			};
			name = Debug;
		};
		DA34C59F24FF5AC5008D3CAD /* Release */ = {
			isa = XCBuildConfiguration;
			buildSettings = {
				ASSETCATALOG_COMPILER_APPICON_NAME = AppIcon;
				CODE_SIGN_ENTITLEMENTS = PtpWebcamLaunchAgent/PtpWebcamLaunchAgent.entitlements;
				CODE_SIGN_STYLE = Automatic;
				COMBINE_HIDPI_IMAGES = YES;
				CURRENT_PROJECT_VERSION = 29;
				DEPLOYMENT_LOCATION = YES;
				DEVELOPMENT_TEAM = ZYF8X9Z6M2;
				DSTROOT = /;
				ENABLE_HARDENED_RUNTIME = YES;
				INFOPLIST_FILE = PtpWebcamLaunchAgent/Info.plist;
				INSTALL_PATH = "/Library/CoreMediaIO/Plug-Ins/DAL/PTPWebcamDALPlugin.plugin/Contents/Frameworks";
				LD_RUNPATH_SEARCH_PATHS = (
					"$(inherited)",
					"@executable_path/../Frameworks",
				);
				MACOSX_DEPLOYMENT_TARGET = 10.12;
				MARKETING_VERSION = 1.2.5;
				PRODUCT_BUNDLE_IDENTIFIER = org.ptpwebcam.PtpWebcamAgent;
				PRODUCT_NAME = "$(TARGET_NAME)";
				SKIP_INSTALL = NO;
			};
			name = Release;
		};
		DAAACC7A24C918C600E0B44C /* Debug */ = {
			isa = XCBuildConfiguration;
			buildSettings = {
				CODE_SIGN_ENTITLEMENTS = PtpWebcamAssistantService/PtpWebcamAssistantService.entitlements;
				CODE_SIGN_STYLE = Automatic;
				COMBINE_HIDPI_IMAGES = YES;
				CURRENT_PROJECT_VERSION = 29;
				DEVELOPMENT_TEAM = ZYF8X9Z6M2;
				ENABLE_HARDENED_RUNTIME = YES;
				INFOPLIST_FILE = PtpWebcamAssistantService/Info.plist;
				MACOSX_DEPLOYMENT_TARGET = 10.12;
				MARKETING_VERSION = 1.2.5;
				PRODUCT_BUNDLE_IDENTIFIER = org.ptpwebcam.PtpWebcamAssistantService;
				PRODUCT_NAME = "$(TARGET_NAME)";
				SKIP_INSTALL = YES;
			};
			name = Debug;
		};
		DAAACC7B24C918C600E0B44C /* Release */ = {
			isa = XCBuildConfiguration;
			buildSettings = {
				CODE_SIGN_ENTITLEMENTS = PtpWebcamAssistantService/PtpWebcamAssistantService.entitlements;
				CODE_SIGN_STYLE = Automatic;
				COMBINE_HIDPI_IMAGES = YES;
				CURRENT_PROJECT_VERSION = 29;
				DEVELOPMENT_TEAM = ZYF8X9Z6M2;
				ENABLE_HARDENED_RUNTIME = YES;
				INFOPLIST_FILE = PtpWebcamAssistantService/Info.plist;
				MACOSX_DEPLOYMENT_TARGET = 10.12;
				MARKETING_VERSION = 1.2.5;
				PRODUCT_BUNDLE_IDENTIFIER = org.ptpwebcam.PtpWebcamAssistantService;
				PRODUCT_NAME = "$(TARGET_NAME)";
				SKIP_INSTALL = YES;
			};
			name = Release;
		};
		DAAACC9C24C9FDF700E0B44C /* Debug */ = {
			isa = XCBuildConfiguration;
			buildSettings = {
				ASSETCATALOG_COMPILER_APPICON_NAME = AppIcon;
				CODE_SIGN_ENTITLEMENTS = PtpWebcamAgent/PtpWebcamAgent.entitlements;
				CODE_SIGN_STYLE = Automatic;
				COMBINE_HIDPI_IMAGES = YES;
				CURRENT_PROJECT_VERSION = 29;
				DEPLOYMENT_LOCATION = YES;
				DEVELOPMENT_TEAM = ZYF8X9Z6M2;
				DSTROOT = /;
				ENABLE_HARDENED_RUNTIME = YES;
				INFOPLIST_FILE = PtpWebcamAgent/Info.plist;
				INSTALL_PATH = "/Library/CoreMediaIO/Plug-Ins/DAL/PTPWebcamDALPlugin.plugin/Contents/Resources";
				LD_RUNPATH_SEARCH_PATHS = (
					"$(inherited)",
					"@executable_path/../Frameworks",
				);
				MACOSX_DEPLOYMENT_TARGET = 10.12;
				MARKETING_VERSION = 1.2.5;
				PRODUCT_BUNDLE_IDENTIFIER = org.ptpwebcam.PtpWebcamAgent;
				PRODUCT_NAME = "$(TARGET_NAME)";
				SKIP_INSTALL = NO;
			};
			name = Debug;
		};
		DAAACC9D24C9FDF700E0B44C /* Release */ = {
			isa = XCBuildConfiguration;
			buildSettings = {
				ASSETCATALOG_COMPILER_APPICON_NAME = AppIcon;
				CODE_SIGN_ENTITLEMENTS = PtpWebcamAgent/PtpWebcamAgent.entitlements;
				CODE_SIGN_STYLE = Automatic;
				COMBINE_HIDPI_IMAGES = YES;
				CURRENT_PROJECT_VERSION = 29;
				DEPLOYMENT_LOCATION = YES;
				DEVELOPMENT_TEAM = ZYF8X9Z6M2;
				DSTROOT = /;
				ENABLE_HARDENED_RUNTIME = YES;
				INFOPLIST_FILE = PtpWebcamAgent/Info.plist;
				INSTALL_PATH = "/Library/CoreMediaIO/Plug-Ins/DAL/PTPWebcamDALPlugin.plugin/Contents/Resources";
				LD_RUNPATH_SEARCH_PATHS = (
					"$(inherited)",
					"@executable_path/../Frameworks",
				);
				MACOSX_DEPLOYMENT_TARGET = 10.12;
				MARKETING_VERSION = 1.2.5;
				PRODUCT_BUNDLE_IDENTIFIER = org.ptpwebcam.PtpWebcamAgent;
				PRODUCT_NAME = "$(TARGET_NAME)";
				SKIP_INSTALL = NO;
			};
			name = Release;
		};
		DAAACCD024CF651400E0B44C /* Debug */ = {
			isa = XCBuildConfiguration;
			buildSettings = {
				ASSETCATALOG_COMPILER_APPICON_NAME = AppIcon;
				CODE_SIGN_ENTITLEMENTS = PtpWebcamAssistant/PtpWebcamAssistant.entitlements;
				CODE_SIGN_STYLE = Automatic;
				COMBINE_HIDPI_IMAGES = YES;
				CURRENT_PROJECT_VERSION = 29;
				DEPLOYMENT_LOCATION = YES;
				DEVELOPMENT_TEAM = ZYF8X9Z6M2;
				DSTROOT = /;
				ENABLE_HARDENED_RUNTIME = NO;
				INFOPLIST_FILE = PtpWebcamAssistant/Info.plist;
				INSTALL_PATH = "/Library/CoreMediaIO/Plug-Ins/DAL/PTPWebcamDALPlugin.plugin/Contents/Resources";
				LD_RUNPATH_SEARCH_PATHS = (
					"$(inherited)",
					"@executable_path/../Frameworks",
				);
				MACOSX_DEPLOYMENT_TARGET = 10.12;
				MARKETING_VERSION = 1.2.5;
				PRODUCT_BUNDLE_IDENTIFIER = org.ptpwebcam.PtpWebcamAssistant;
				PRODUCT_NAME = "$(TARGET_NAME)";
				SKIP_INSTALL = NO;
			};
			name = Debug;
		};
		DAAACCD124CF651400E0B44C /* Release */ = {
			isa = XCBuildConfiguration;
			buildSettings = {
				ASSETCATALOG_COMPILER_APPICON_NAME = AppIcon;
				CODE_SIGN_ENTITLEMENTS = PtpWebcamAssistant/PtpWebcamAssistant.entitlements;
				CODE_SIGN_STYLE = Automatic;
				COMBINE_HIDPI_IMAGES = YES;
				CURRENT_PROJECT_VERSION = 29;
				DEPLOYMENT_LOCATION = YES;
				DEVELOPMENT_TEAM = ZYF8X9Z6M2;
				DSTROOT = /;
				ENABLE_HARDENED_RUNTIME = NO;
				INFOPLIST_FILE = PtpWebcamAssistant/Info.plist;
				INSTALL_PATH = "/Library/CoreMediaIO/Plug-Ins/DAL/PTPWebcamDALPlugin.plugin/Contents/Resources";
				LD_RUNPATH_SEARCH_PATHS = (
					"$(inherited)",
					"@executable_path/../Frameworks",
				);
				MACOSX_DEPLOYMENT_TARGET = 10.12;
				MARKETING_VERSION = 1.2.5;
				PRODUCT_BUNDLE_IDENTIFIER = org.ptpwebcam.PtpWebcamAssistant;
				PRODUCT_NAME = "$(TARGET_NAME)";
				SKIP_INSTALL = NO;
			};
			name = Release;
		};
/* End XCBuildConfiguration section */

/* Begin XCConfigurationList section */
		DA2681062481BB2100FF75EF /* Build configuration list for PBXNativeTarget "PTPWebcamDALPlugin" */ = {
			isa = XCConfigurationList;
			buildConfigurations = (
				DA2681072481BB2100FF75EF /* Debug */,
				DA2681082481BB2100FF75EF /* Release */,
			);
			defaultConfigurationIsVisible = 0;
			defaultConfigurationName = Release;
		};
		DA2922D1247EDA5B00794577 /* Build configuration list for PBXProject "PTP Webcam" */ = {
			isa = XCConfigurationList;
			buildConfigurations = (
				DA2922FB247EDA5E00794577 /* Debug */,
				DA2922FC247EDA5E00794577 /* Release */,
			);
			defaultConfigurationIsVisible = 0;
			defaultConfigurationName = Release;
		};
		DA2922FD247EDA5E00794577 /* Build configuration list for PBXNativeTarget "PTP Webcam Preview" */ = {
			isa = XCConfigurationList;
			buildConfigurations = (
				DA2922FE247EDA5E00794577 /* Debug */,
				DA2922FF247EDA5E00794577 /* Release */,
			);
			defaultConfigurationIsVisible = 0;
			defaultConfigurationName = Release;
		};
		DA34C56424FECA8F008D3CAD /* Build configuration list for PBXNativeTarget "PtpWebcamSimpleAssistant" */ = {
			isa = XCConfigurationList;
			buildConfigurations = (
				DA34C56524FECA8F008D3CAD /* Debug */,
				DA34C56624FECA8F008D3CAD /* Release */,
			);
			defaultConfigurationIsVisible = 0;
			defaultConfigurationName = Release;
		};
		DA34C58124FF328D008D3CAD /* Build configuration list for PBXNativeTarget "PtpWebcamSimpleAgent" */ = {
			isa = XCConfigurationList;
			buildConfigurations = (
				DA34C58224FF328D008D3CAD /* Debug */,
				DA34C58324FF328D008D3CAD /* Release */,
			);
			defaultConfigurationIsVisible = 0;
			defaultConfigurationName = Release;
		};
		DA34C59D24FF5AC5008D3CAD /* Build configuration list for PBXNativeTarget "PtpWebcamLaunchAgent" */ = {
			isa = XCConfigurationList;
			buildConfigurations = (
				DA34C59E24FF5AC5008D3CAD /* Debug */,
				DA34C59F24FF5AC5008D3CAD /* Release */,
			);
			defaultConfigurationIsVisible = 0;
			defaultConfigurationName = Release;
		};
		DAAACC7924C918C600E0B44C /* Build configuration list for PBXNativeTarget "PtpWebcamAssistantService" */ = {
			isa = XCConfigurationList;
			buildConfigurations = (
				DAAACC7A24C918C600E0B44C /* Debug */,
				DAAACC7B24C918C600E0B44C /* Release */,
			);
			defaultConfigurationIsVisible = 0;
			defaultConfigurationName = Release;
		};
		DAAACC9B24C9FDF700E0B44C /* Build configuration list for PBXNativeTarget "PtpWebcamAgent" */ = {
			isa = XCConfigurationList;
			buildConfigurations = (
				DAAACC9C24C9FDF700E0B44C /* Debug */,
				DAAACC9D24C9FDF700E0B44C /* Release */,
			);
			defaultConfigurationIsVisible = 0;
			defaultConfigurationName = Release;
		};
		DAAACCCF24CF651400E0B44C /* Build configuration list for PBXNativeTarget "PtpWebcamAssistant" */ = {
			isa = XCConfigurationList;
			buildConfigurations = (
				DAAACCD024CF651400E0B44C /* Debug */,
				DAAACCD124CF651400E0B44C /* Release */,
			);
			defaultConfigurationIsVisible = 0;
			defaultConfigurationName = Release;
		};
/* End XCConfigurationList section */
	};
	rootObject = DA2922CE247EDA5B00794577 /* Project object */;
}
